<?xml version="1.0" encoding="UTF-8"?>
<Scheme
   LastUpgradeVersion = "0500"
   version = "1.7">
   <BuildAction
      parallelizeBuildables = "YES"
      buildImplicitDependencies = "YES">
      <PreActions>
         <ExecutionAction
            ActionType = "Xcode.IDEStandardExecutionActionsCore.ExecutionActionType.ShellScriptAction">
            <ActionContent
               title = "Run Script"
               scriptText = "# Create the NSSLibraries directory if needed&#10;if [ ! -d &quot;${SRCROOT}/NSSLibraries&quot; ]; then&#10;    echo &quot;Creating NSSLibraries directory&quot;&#10;    mkdir &quot;${SRCROOT}/NSSLibraries&quot;&#10;fi&#10;&#10;# Modify NSS Makefiles to change install_name to rpath@&#10;cd ${NSS_SRCPATH}&#10;echo &quot;Modifying NSS Makefile to change install_name&quot;&#10;grep -lR &apos;@executable_path&apos; * | xargs sed -i &apos;.orig&apos; -e &apos;s/@executable_path/@rpath/g&apos;">
               <EnvironmentBuildable>
                  <BuildableReference
                     BuildableIdentifier = "primary"
                     BlueprintIdentifier = "7BB8CC02183ABAB2004351FF"
                     BuildableName = "Build NSS libs"
                     BlueprintName = "Build NSS libs"
                     ReferencedContainer = "container:SIPEAdiumPlugin.xcodeproj">
                  </BuildableReference>
               </EnvironmentBuildable>
            </ActionContent>
         </ExecutionAction>
      </PreActions>
      <PostActions>
         <ExecutionAction
            ActionType = "Xcode.IDEStandardExecutionActionsCore.ExecutionActionType.ShellScriptAction">
            <ActionContent
               title = "Run Script"
               scriptText = "# Define RELEASE_OBJDIR_NAME per rules from NSS Makefile rules&#10;OBJDIR_SUFFIX=OBJ&#10;OBJDIR_TAG=_OPT&#10;COMPILER_TAG=_64&#10;OS_RELEASE=`uname -r`&#10;OS_ARCH=`uname -s | sed -e &apos;s|/|_|g&apos;`&#10;OS_TARGET=$OS_ARCH&#10;OS_CONFIG=&quot;${OS_TARGET}${OS_RELEASE}&quot;&#10;RELEASE_OBJDIR_NAME=&quot;${OS_CONFIG}${CPU_ARCH_TAG}${COMPILER_TAG}${IMPL_STRATEGY}${OBJDIR_TAG}.${OBJDIR_SUFFIX}&quot;&#10;&#10;&#10;&#10;# Copy the known dependant libs from NSS dist location into our own directory structure&#10;echo &quot;Copying libraries to ${RELEASE_OBJDIR_NAME}&quot;&#10;&#10;for theLib in libplc4 libfreebl3 libnspr4 libnss3 libnssutil3 libplds4 libsmime3 libsoftokn3;&#10;do&#10;echo $theLib&#10;cp ${NSS_SRCPATH}/mozilla/dist/${RELEASE_OBJDIR_NAME}/lib/${theLib}.dylib ${SRCROOT}/NSSLibraries&#10;done">
               <EnvironmentBuildable>
                  <BuildableReference
                     BuildableIdentifier = "primary"
                     BlueprintIdentifier = "7BB8CC02183ABAB2004351FF"
                     BuildableName = "Build NSS libs"
                     BlueprintName = "Build NSS libs"
                     ReferencedContainer = "container:SIPEAdiumPlugin.xcodeproj">
                  </BuildableReference>
               </EnvironmentBuildable>
            </ActionContent>
         </ExecutionAction>
      </PostActions>
      <BuildActionEntries>
         <BuildActionEntry
            buildForTesting = "YES"
            buildForRunning = "YES"
            buildForProfiling = "YES"
            buildForArchiving = "YES"
            buildForAnalyzing = "YES">
            <BuildableReference
               BuildableIdentifier = "primary"
               BlueprintIdentifier = "7BB8CC02183ABAB2004351FF"
               BuildableName = "Build NSS libs"
               BlueprintName = "Build NSS libs"
               ReferencedContainer = "container:SIPEAdiumPlugin.xcodeproj">
            </BuildableReference>
         </BuildActionEntry>
      </BuildActionEntries>
   </BuildAction>
   <TestAction
      selectedDebuggerIdentifier = "Xcode.DebuggerFoundation.Debugger.LLDB"
      selectedLauncherIdentifier = "Xcode.DebuggerFoundation.Launcher.LLDB"
      shouldUseLaunchSchemeArgsEnv = "YES"
      buildConfiguration = "Debug">
      <Testables>
      </Testables>
   </TestAction>
   <LaunchAction
      selectedDebuggerIdentifier = "Xcode.DebuggerFoundation.Debugger.LLDB"
      selectedLauncherIdentifier = "Xcode.DebuggerFoundation.Launcher.LLDB"
      launchStyle = "0"
      useCustomWorkingDirectory = "NO"
      buildConfiguration = "Debug"
      ignoresPersistentStateOnLaunch = "NO"
      debugDocumentVersioning = "YES"
      allowLocationSimulation = "YES">
      <AdditionalOptions>
      </AdditionalOptions>
   </LaunchAction>
   <ProfileAction
      shouldUseLaunchSchemeArgsEnv = "YES"
      savedToolIdentifier = ""
      useCustomWorkingDirectory = "NO"
      buildConfiguration = "Release"
      debugDocumentVersioning = "YES">
   </ProfileAction>
   <AnalyzeAction
      buildConfiguration = "Debug">
   </AnalyzeAction>
   <ArchiveAction
      buildConfiguration = "Release"
      revealArchiveInOrganizer = "YES">
   </ArchiveAction>
</Scheme>
