// !$*UTF8*$!
{
	archiveVersion = 1;
	classes = {
	};
	objectVersion = 45;
	objects = {

/* Begin PBXBuildFile section */
		8D5B49B0048680CD000E48DA /* InfoPlist.strings in Resources */ = {isa = PBXBuildFile; fileRef = 089C167DFE841241C02AAC07 /* InfoPlist.strings */; };
		8D5B49B4048680CD000E48DA /* Cocoa.framework in Frameworks */ = {isa = PBXBuildFile; fileRef = 1058C7ADFEA557BF11CA2CBB /* Cocoa.framework */; };
		C92A799210B24C46009B64B9 /* sip-csta.c in Sources */ = {isa = PBXBuildFile; fileRef = C92A797310B24C46009B64B9 /* sip-csta.c */; };
		C92A799310B24C46009B64B9 /* sip-csta.h in Headers */ = {isa = PBXBuildFile; fileRef = C92A797410B24C46009B64B9 /* sip-csta.h */; };
		C92A799510B24C46009B64B9 /* sip-sec-krb5.c in Sources */ = {isa = PBXBuildFile; fileRef = C92A797610B24C46009B64B9 /* sip-sec-krb5.c */; };
		C92A799610B24C46009B64B9 /* sip-sec-krb5.h in Headers */ = {isa = PBXBuildFile; fileRef = C92A797710B24C46009B64B9 /* sip-sec-krb5.h */; };
		C92A799710B24C46009B64B9 /* sip-sec-mech.h in Headers */ = {isa = PBXBuildFile; fileRef = C92A797810B24C46009B64B9 /* sip-sec-mech.h */; };
		C92A799810B24C46009B64B9 /* sip-sec-ntlm.c in Sources */ = {isa = PBXBuildFile; fileRef = C92A797910B24C46009B64B9 /* sip-sec-ntlm.c */; };
		C92A799910B24C46009B64B9 /* sip-sec-ntlm.h in Headers */ = {isa = PBXBuildFile; fileRef = C92A797A10B24C46009B64B9 /* sip-sec-ntlm.h */; };
		C92A799C10B24C46009B64B9 /* sip-sec.c in Sources */ = {isa = PBXBuildFile; fileRef = C92A797D10B24C46009B64B9 /* sip-sec.c */; };
		C92A799D10B24C46009B64B9 /* sip-sec.h in Headers */ = {isa = PBXBuildFile; fileRef = C92A797E10B24C46009B64B9 /* sip-sec.h */; };
		C92A799E10B24C46009B64B9 /* sipe-chat.c in Sources */ = {isa = PBXBuildFile; fileRef = C92A797F10B24C46009B64B9 /* sipe-chat.c */; };
		C92A799F10B24C46009B64B9 /* sipe-chat.h in Headers */ = {isa = PBXBuildFile; fileRef = C92A798010B24C46009B64B9 /* sipe-chat.h */; };
		C92A79A010B24C46009B64B9 /* sipe-conf.c in Sources */ = {isa = PBXBuildFile; fileRef = C92A798110B24C46009B64B9 /* sipe-conf.c */; };
		C92A79A110B24C46009B64B9 /* sipe-conf.h in Headers */ = {isa = PBXBuildFile; fileRef = C92A798210B24C46009B64B9 /* sipe-conf.h */; };
		C92A79A210B24C46009B64B9 /* sipe-dialog.c in Sources */ = {isa = PBXBuildFile; fileRef = C92A798310B24C46009B64B9 /* sipe-dialog.c */; };
		C92A79A310B24C46009B64B9 /* sipe-dialog.h in Headers */ = {isa = PBXBuildFile; fileRef = C92A798410B24C46009B64B9 /* sipe-dialog.h */; };
		C92A79A410B24C46009B64B9 /* sipe-nls.h in Headers */ = {isa = PBXBuildFile; fileRef = C92A798510B24C46009B64B9 /* sipe-nls.h */; };
		C92A79A510B24C46009B64B9 /* sipe-session.c in Sources */ = {isa = PBXBuildFile; fileRef = C92A798610B24C46009B64B9 /* sipe-session.c */; };
		C92A79A610B24C46009B64B9 /* sipe-session.h in Headers */ = {isa = PBXBuildFile; fileRef = C92A798710B24C46009B64B9 /* sipe-session.h */; };
		C92A79A710B24C46009B64B9 /* sipe-sign.c in Sources */ = {isa = PBXBuildFile; fileRef = C92A798810B24C46009B64B9 /* sipe-sign.c */; };
		C92A79A810B24C46009B64B9 /* sipe-sign.h in Headers */ = {isa = PBXBuildFile; fileRef = C92A798910B24C46009B64B9 /* sipe-sign.h */; };
		C92A79A910B24C46009B64B9 /* sipe-utils.c in Sources */ = {isa = PBXBuildFile; fileRef = C92A798A10B24C46009B64B9 /* sipe-utils.c */; };
		C92A79AA10B24C46009B64B9 /* sipe-utils.h in Headers */ = {isa = PBXBuildFile; fileRef = C92A798B10B24C46009B64B9 /* sipe-utils.h */; };
		C92A79AB10B24C46009B64B9 /* sipe.c in Sources */ = {isa = PBXBuildFile; fileRef = C92A798C10B24C46009B64B9 /* sipe.c */; };
		C92A79AC10B24C46009B64B9 /* sipe.h in Headers */ = {isa = PBXBuildFile; fileRef = C92A798D10B24C46009B64B9 /* sipe.h */; };
		C92A79AD10B24C46009B64B9 /* sipmsg.c in Sources */ = {isa = PBXBuildFile; fileRef = C92A798E10B24C46009B64B9 /* sipmsg.c */; };
		C92A79AE10B24C46009B64B9 /* sipmsg.h in Headers */ = {isa = PBXBuildFile; fileRef = C92A798F10B24C46009B64B9 /* sipmsg.h */; };
		C92A79AF10B24C46009B64B9 /* uuid.c in Sources */ = {isa = PBXBuildFile; fileRef = C92A799010B24C46009B64B9 /* uuid.c */; };
		C92A79B010B24C46009B64B9 /* uuid.h in Headers */ = {isa = PBXBuildFile; fileRef = C92A799110B24C46009B64B9 /* uuid.h */; };
		C92A79E110B24FDC009B64B9 /* libpidgin-sipe.a in Frameworks */ = {isa = PBXBuildFile; fileRef = C92A796910B24BAD009B64B9 /* libpidgin-sipe.a */; };
		C92A7A2310B25132009B64B9 /* libglib.framework in Frameworks */ = {isa = PBXBuildFile; fileRef = C9FDADAA109ADA08004EEEAF /* libglib.framework */; };
		C92A7A2410B25132009B64B9 /* libintl.framework in Frameworks */ = {isa = PBXBuildFile; fileRef = C9FDAE40109ADA4B004EEEAF /* libintl.framework */; };
		C92A7A2510B25132009B64B9 /* libpurple.framework in Frameworks */ = {isa = PBXBuildFile; fileRef = C9FDAE46109ADA4B004EEEAF /* libpurple.framework */; };
		C948843D109B2F8100ABFAF7 /* ESSIPEService.m in Sources */ = {isa = PBXBuildFile; fileRef = C948843C109B2F8100ABFAF7 /* ESSIPEService.m */; };
		C9488446109B352000ABFAF7 /* ESSIPELibpurpleServicePlugin.m in Sources */ = {isa = PBXBuildFile; fileRef = C9488445109B352000ABFAF7 /* ESSIPELibpurpleServicePlugin.m */; };
		C99F358F109AE68400E79CB2 /* ESPurpleSIPEAccount.m in Sources */ = {isa = PBXBuildFile; fileRef = C99F358E109AE68400E79CB2 /* ESPurpleSIPEAccount.m */; };
		C9D5F10810B264C4008F82FF /* sipe-small.png in Resources */ = {isa = PBXBuildFile; fileRef = C9FDAEF3109ADF97004EEEAF /* sipe-small.png */; };
		C9FDAE33109ADA4B004EEEAF /* Adium.framework in Frameworks */ = {isa = PBXBuildFile; fileRef = C9FDAE32109ADA4B004EEEAF /* Adium.framework */; };
		C9FDAE35109ADA4B004EEEAF /* AdiumLibpurple.framework in Frameworks */ = {isa = PBXBuildFile; fileRef = C9FDAE34109ADA4B004EEEAF /* AdiumLibpurple.framework */; };
		C9FDAE37109ADA4B004EEEAF /* AIUtilities.framework in Frameworks */ = {isa = PBXBuildFile; fileRef = C9FDAE36109ADA4B004EEEAF /* AIUtilities.framework */; };
		C9FDAE39109ADA4B004EEEAF /* FriBidi.framework in Frameworks */ = {isa = PBXBuildFile; fileRef = C9FDAE38109ADA4B004EEEAF /* FriBidi.framework */; };
		C9FDAE7F109ADC54004EEEAF /* Kerberos.framework in Frameworks */ = {isa = PBXBuildFile; fileRef = C9FDAE7E109ADC54004EEEAF /* Kerberos.framework */; };
		C9FDAEF6109ADF97004EEEAF /* sipe.png in Resources */ = {isa = PBXBuildFile; fileRef = C9FDAEF4109ADF97004EEEAF /* sipe.png */; };
/* End PBXBuildFile section */

/* Begin PBXContainerItemProxy section */
		C92A79F110B25023009B64B9 /* PBXContainerItemProxy */ = {
			isa = PBXContainerItemProxy;
			containerPortal = 089C1669FE841209C02AAC07 /* Project object */;
			proxyType = 1;
			remoteGlobalIDString = C92A796810B24BAD009B64B9;
			remoteInfo = "pidgin-sipe";
		};
/* End PBXContainerItemProxy section */

/* Begin PBXFileReference section */
		089C1672FE841209C02AAC07 /* Foundation.framework */ = {isa = PBXFileReference; lastKnownFileType = wrapper.framework; name = Foundation.framework; path = /System/Library/Frameworks/Foundation.framework; sourceTree = "<absolute>"; };
		089C167EFE841241C02AAC07 /* English */ = {isa = PBXFileReference; fileEncoding = 4; lastKnownFileType = text.plist.strings; name = English; path = English.lproj/InfoPlist.strings; sourceTree = "<group>"; };
		089C167FFE841241C02AAC07 /* AppKit.framework */ = {isa = PBXFileReference; lastKnownFileType = wrapper.framework; name = AppKit.framework; path = /System/Library/Frameworks/AppKit.framework; sourceTree = "<absolute>"; };
		1058C7ADFEA557BF11CA2CBB /* Cocoa.framework */ = {isa = PBXFileReference; lastKnownFileType = wrapper.framework; name = Cocoa.framework; path = /System/Library/Frameworks/Cocoa.framework; sourceTree = "<absolute>"; };
		32DBCF630370AF2F00C91783 /* SIPEAdiumPlugin_Prefix.pch */ = {isa = PBXFileReference; fileEncoding = 4; lastKnownFileType = sourcecode.c.h; path = SIPEAdiumPlugin_Prefix.pch; sourceTree = "<group>"; };
		8D5B49B6048680CD000E48DA /* SIPEAdiumPlugin.AdiumLibpurplePlugin */ = {isa = PBXFileReference; explicitFileType = wrapper.cfbundle; includeInIndex = 0; path = SIPEAdiumPlugin.AdiumLibpurplePlugin; sourceTree = BUILT_PRODUCTS_DIR; };
		8D5B49B7048680CD000E48DA /* Info.plist */ = {isa = PBXFileReference; fileEncoding = 4; lastKnownFileType = text.plist.xml; path = Info.plist; sourceTree = SOURCE_ROOT; };
		C92A796910B24BAD009B64B9 /* libpidgin-sipe.a */ = {isa = PBXFileReference; explicitFileType = archive.ar; includeInIndex = 0; path = "libpidgin-sipe.a"; sourceTree = BUILT_PRODUCTS_DIR; };
		C92A797310B24C46009B64B9 /* sip-csta.c */ = {isa = PBXFileReference; fileEncoding = 4; lastKnownFileType = sourcecode.c.c; name = "sip-csta.c"; path = "../core/sip-csta.c"; sourceTree = SOURCE_ROOT; };
		C92A797410B24C46009B64B9 /* sip-csta.h */ = {isa = PBXFileReference; fileEncoding = 4; lastKnownFileType = sourcecode.c.h; name = "sip-csta.h"; path = "../core/sip-csta.h"; sourceTree = SOURCE_ROOT; };
		C92A797610B24C46009B64B9 /* sip-sec-krb5.c */ = {isa = PBXFileReference; fileEncoding = 4; lastKnownFileType = sourcecode.c.c; name = "sip-sec-krb5.c"; path = "../core/sip-sec-krb5.c"; sourceTree = SOURCE_ROOT; };
		C92A797710B24C46009B64B9 /* sip-sec-krb5.h */ = {isa = PBXFileReference; fileEncoding = 4; lastKnownFileType = sourcecode.c.h; name = "sip-sec-krb5.h"; path = "../core/sip-sec-krb5.h"; sourceTree = SOURCE_ROOT; };
		C92A797810B24C46009B64B9 /* sip-sec-mech.h */ = {isa = PBXFileReference; fileEncoding = 4; lastKnownFileType = sourcecode.c.h; name = "sip-sec-mech.h"; path = "../core/sip-sec-mech.h"; sourceTree = SOURCE_ROOT; };
		C92A797910B24C46009B64B9 /* sip-sec-ntlm.c */ = {isa = PBXFileReference; fileEncoding = 4; lastKnownFileType = sourcecode.c.c; name = "sip-sec-ntlm.c"; path = "../core/sip-sec-ntlm.c"; sourceTree = SOURCE_ROOT; };
		C92A797A10B24C46009B64B9 /* sip-sec-ntlm.h */ = {isa = PBXFileReference; fileEncoding = 4; lastKnownFileType = sourcecode.c.h; name = "sip-sec-ntlm.h"; path = "../core/sip-sec-ntlm.h"; sourceTree = SOURCE_ROOT; };
		C92A797D10B24C46009B64B9 /* sip-sec.c */ = {isa = PBXFileReference; fileEncoding = 4; lastKnownFileType = sourcecode.c.c; name = "sip-sec.c"; path = "../core/sip-sec.c"; sourceTree = SOURCE_ROOT; };
		C92A797E10B24C46009B64B9 /* sip-sec.h */ = {isa = PBXFileReference; fileEncoding = 4; lastKnownFileType = sourcecode.c.h; name = "sip-sec.h"; path = "../core/sip-sec.h"; sourceTree = SOURCE_ROOT; };
		C92A797F10B24C46009B64B9 /* sipe-chat.c */ = {isa = PBXFileReference; fileEncoding = 4; lastKnownFileType = sourcecode.c.c; name = "sipe-chat.c"; path = "../core/sipe-chat.c"; sourceTree = SOURCE_ROOT; };
		C92A798010B24C46009B64B9 /* sipe-chat.h */ = {isa = PBXFileReference; fileEncoding = 4; lastKnownFileType = sourcecode.c.h; name = "sipe-chat.h"; path = "../core/sipe-chat.h"; sourceTree = SOURCE_ROOT; };
		C92A798110B24C46009B64B9 /* sipe-conf.c */ = {isa = PBXFileReference; fileEncoding = 4; lastKnownFileType = sourcecode.c.c; name = "sipe-conf.c"; path = "../core/sipe-conf.c"; sourceTree = SOURCE_ROOT; };
		C92A798210B24C46009B64B9 /* sipe-conf.h */ = {isa = PBXFileReference; fileEncoding = 4; lastKnownFileType = sourcecode.c.h; name = "sipe-conf.h"; path = "../core/sipe-conf.h"; sourceTree = SOURCE_ROOT; };
		C92A798310B24C46009B64B9 /* sipe-dialog.c */ = {isa = PBXFileReference; fileEncoding = 4; lastKnownFileType = sourcecode.c.c; name = "sipe-dialog.c"; path = "../core/sipe-dialog.c"; sourceTree = SOURCE_ROOT; };
		C92A798410B24C46009B64B9 /* sipe-dialog.h */ = {isa = PBXFileReference; fileEncoding = 4; lastKnownFileType = sourcecode.c.h; name = "sipe-dialog.h"; path = "../core/sipe-dialog.h"; sourceTree = SOURCE_ROOT; };
		C92A798510B24C46009B64B9 /* sipe-nls.h */ = {isa = PBXFileReference; fileEncoding = 4; lastKnownFileType = sourcecode.c.h; name = "sipe-nls.h"; path = "../core/sipe-nls.h"; sourceTree = SOURCE_ROOT; };
		C92A798610B24C46009B64B9 /* sipe-session.c */ = {isa = PBXFileReference; fileEncoding = 4; lastKnownFileType = sourcecode.c.c; name = "sipe-session.c"; path = "../core/sipe-session.c"; sourceTree = SOURCE_ROOT; };
		C92A798710B24C46009B64B9 /* sipe-session.h */ = {isa = PBXFileReference; fileEncoding = 4; lastKnownFileType = sourcecode.c.h; name = "sipe-session.h"; path = "../core/sipe-session.h"; sourceTree = SOURCE_ROOT; };
		C92A798810B24C46009B64B9 /* sipe-sign.c */ = {isa = PBXFileReference; fileEncoding = 4; lastKnownFileType = sourcecode.c.c; name = "sipe-sign.c"; path = "../core/sipe-sign.c"; sourceTree = SOURCE_ROOT; };
		C92A798910B24C46009B64B9 /* sipe-sign.h */ = {isa = PBXFileReference; fileEncoding = 4; lastKnownFileType = sourcecode.c.h; name = "sipe-sign.h"; path = "../core/sipe-sign.h"; sourceTree = SOURCE_ROOT; };
		C92A798A10B24C46009B64B9 /* sipe-utils.c */ = {isa = PBXFileReference; fileEncoding = 4; lastKnownFileType = sourcecode.c.c; name = "sipe-utils.c"; path = "../core/sipe-utils.c"; sourceTree = SOURCE_ROOT; };
		C92A798B10B24C46009B64B9 /* sipe-utils.h */ = {isa = PBXFileReference; fileEncoding = 4; lastKnownFileType = sourcecode.c.h; name = "sipe-utils.h"; path = "../core/sipe-utils.h"; sourceTree = SOURCE_ROOT; };
		C92A798C10B24C46009B64B9 /* sipe.c */ = {isa = PBXFileReference; fileEncoding = 4; lastKnownFileType = sourcecode.c.c; name = sipe.c; path = ../core/sipe.c; sourceTree = SOURCE_ROOT; };
		C92A798D10B24C46009B64B9 /* sipe.h */ = {isa = PBXFileReference; fileEncoding = 4; lastKnownFileType = sourcecode.c.h; name = sipe.h; path = ../core/sipe.h; sourceTree = SOURCE_ROOT; };
		C92A798E10B24C46009B64B9 /* sipmsg.c */ = {isa = PBXFileReference; fileEncoding = 4; lastKnownFileType = sourcecode.c.c; name = sipmsg.c; path = ../core/sipmsg.c; sourceTree = SOURCE_ROOT; };
		C92A798F10B24C46009B64B9 /* sipmsg.h */ = {isa = PBXFileReference; fileEncoding = 4; lastKnownFileType = sourcecode.c.h; name = sipmsg.h; path = ../core/sipmsg.h; sourceTree = SOURCE_ROOT; };
		C92A799010B24C46009B64B9 /* uuid.c */ = {isa = PBXFileReference; fileEncoding = 4; lastKnownFileType = sourcecode.c.c; name = uuid.c; path = ../core/uuid.c; sourceTree = SOURCE_ROOT; };
		C92A799110B24C46009B64B9 /* uuid.h */ = {isa = PBXFileReference; fileEncoding = 4; lastKnownFileType = sourcecode.c.h; name = uuid.h; path = ../core/uuid.h; sourceTree = SOURCE_ROOT; };
		C92A7A0610B250E9009B64B9 /* libgmodule.framework */ = {isa = PBXFileReference; lastKnownFileType = wrapper.framework; name = libgmodule.framework; path = /Users/matt/Library/Frameworks/libgmodule.framework; sourceTree = "<absolute>"; };
		C92A7A0810B250E9009B64B9 /* libgobject.framework */ = {isa = PBXFileReference; lastKnownFileType = wrapper.framework; name = libgobject.framework; path = /Users/matt/Library/Frameworks/libgobject.framework; sourceTree = "<absolute>"; };
		C92A7A0A10B250E9009B64B9 /* libgthread.framework */ = {isa = PBXFileReference; lastKnownFileType = wrapper.framework; name = libgthread.framework; path = /Users/matt/Library/Frameworks/libgthread.framework; sourceTree = "<absolute>"; };
		C92A7A0D10B250E9009B64B9 /* libjson-glib.framework */ = {isa = PBXFileReference; lastKnownFileType = wrapper.framework; name = "libjson-glib.framework"; path = "/Users/matt/Library/Frameworks/libjson-glib.framework"; sourceTree = "<absolute>"; };
		C92A7A0F10B250E9009B64B9 /* libmeanwhile.framework */ = {isa = PBXFileReference; lastKnownFileType = wrapper.framework; name = libmeanwhile.framework; path = /Users/matt/Library/Frameworks/libmeanwhile.framework; sourceTree = "<absolute>"; };
		C948843B109B2F8100ABFAF7 /* ESSIPEService.h */ = {isa = PBXFileReference; fileEncoding = 4; lastKnownFileType = sourcecode.c.h; path = ESSIPEService.h; sourceTree = "<group>"; };
		C948843C109B2F8100ABFAF7 /* ESSIPEService.m */ = {isa = PBXFileReference; fileEncoding = 4; lastKnownFileType = sourcecode.c.objc; path = ESSIPEService.m; sourceTree = "<group>"; };
		C9488444109B352000ABFAF7 /* ESSIPELibpurpleServicePlugin.h */ = {isa = PBXFileReference; fileEncoding = 4; lastKnownFileType = sourcecode.c.h; path = ESSIPELibpurpleServicePlugin.h; sourceTree = "<group>"; };
		C9488445109B352000ABFAF7 /* ESSIPELibpurpleServicePlugin.m */ = {isa = PBXFileReference; fileEncoding = 4; lastKnownFileType = sourcecode.c.objc; path = ESSIPELibpurpleServicePlugin.m; sourceTree = "<group>"; };
		C99F358D109AE68400E79CB2 /* ESPurpleSIPEAccount.h */ = {isa = PBXFileReference; fileEncoding = 4; lastKnownFileType = sourcecode.c.h; path = ESPurpleSIPEAccount.h; sourceTree = "<group>"; };
		C99F358E109AE68400E79CB2 /* ESPurpleSIPEAccount.m */ = {isa = PBXFileReference; fileEncoding = 4; lastKnownFileType = sourcecode.c.objc; path = ESPurpleSIPEAccount.m; sourceTree = "<group>"; };
		C9FDADAA109ADA08004EEEAF /* libglib.framework */ = {isa = PBXFileReference; lastKnownFileType = wrapper.framework; name = libglib.framework; path = "~/Library/Frameworks/libglib.framework"; sourceTree = "<absolute>"; };
		C9FDAE32109ADA4B004EEEAF /* Adium.framework */ = {isa = PBXFileReference; lastKnownFileType = wrapper.framework; name = Adium.framework; path = "~/Library/Frameworks/Adium.framework"; sourceTree = "<absolute>"; };
		C9FDAE34109ADA4B004EEEAF /* AdiumLibpurple.framework */ = {isa = PBXFileReference; lastKnownFileType = wrapper.framework; name = AdiumLibpurple.framework; path = "~/Library/Frameworks/AdiumLibpurple.framework"; sourceTree = "<absolute>"; };
		C9FDAE36109ADA4B004EEEAF /* AIUtilities.framework */ = {isa = PBXFileReference; lastKnownFileType = wrapper.framework; name = AIUtilities.framework; path = "~/Library/Frameworks/AIUtilities.framework"; sourceTree = "<absolute>"; };
		C9FDAE38109ADA4B004EEEAF /* FriBidi.framework */ = {isa = PBXFileReference; lastKnownFileType = wrapper.framework; name = FriBidi.framework; path = "~/Library/Frameworks/FriBidi.framework"; sourceTree = "<absolute>"; };
		C9FDAE40109ADA4B004EEEAF /* libintl.framework */ = {isa = PBXFileReference; lastKnownFileType = wrapper.framework; name = libintl.framework; path = "~/Library/Frameworks/libintl.framework"; sourceTree = "<absolute>"; };
		C9FDAE46109ADA4B004EEEAF /* libpurple.framework */ = {isa = PBXFileReference; lastKnownFileType = wrapper.framework; name = libpurple.framework; path = "~/Library/Frameworks/libpurple.framework"; sourceTree = "<absolute>"; };
		C9FDAE7E109ADC54004EEEAF /* Kerberos.framework */ = {isa = PBXFileReference; lastKnownFileType = wrapper.framework; name = Kerberos.framework; path = System/Library/Frameworks/Kerberos.framework; sourceTree = SDKROOT; };
		C9FDAEF3109ADF97004EEEAF /* sipe-small.png */ = {isa = PBXFileReference; lastKnownFileType = image.png; path = "sipe-small.png"; sourceTree = SOURCE_ROOT; };
		C9FDAEF4109ADF97004EEEAF /* sipe.png */ = {isa = PBXFileReference; lastKnownFileType = image.png; path = sipe.png; sourceTree = SOURCE_ROOT; };
		D2F7E65807B2D6F200F64583 /* CoreData.framework */ = {isa = PBXFileReference; lastKnownFileType = wrapper.framework; name = CoreData.framework; path = /System/Library/Frameworks/CoreData.framework; sourceTree = "<absolute>"; };
/* End PBXFileReference section */

/* Begin PBXFrameworksBuildPhase section */
		8D5B49B3048680CD000E48DA /* Frameworks */ = {
			isa = PBXFrameworksBuildPhase;
			buildActionMask = 2147483647;
			files = (
				8D5B49B4048680CD000E48DA /* Cocoa.framework in Frameworks */,
				C9FDAE33109ADA4B004EEEAF /* Adium.framework in Frameworks */,
				C9FDAE35109ADA4B004EEEAF /* AdiumLibpurple.framework in Frameworks */,
				C9FDAE37109ADA4B004EEEAF /* AIUtilities.framework in Frameworks */,
				C9FDAE39109ADA4B004EEEAF /* FriBidi.framework in Frameworks */,
				C9FDAE7F109ADC54004EEEAF /* Kerberos.framework in Frameworks */,
				C92A79E110B24FDC009B64B9 /* libpidgin-sipe.a in Frameworks */,
				C92A7A2310B25132009B64B9 /* libglib.framework in Frameworks */,
				C92A7A2410B25132009B64B9 /* libintl.framework in Frameworks */,
				C92A7A2510B25132009B64B9 /* libpurple.framework in Frameworks */,
			);
			runOnlyForDeploymentPostprocessing = 0;
		};
		C92A796710B24BAD009B64B9 /* Frameworks */ = {
			isa = PBXFrameworksBuildPhase;
			buildActionMask = 2147483647;
			files = (
			);
			runOnlyForDeploymentPostprocessing = 0;
		};
/* End PBXFrameworksBuildPhase section */

/* Begin PBXGroup section */
		089C166AFE841209C02AAC07 /* SIPEAdiumPlugin */ = {
			isa = PBXGroup;
			children = (
				08FB77AFFE84173DC02AAC07 /* Classes */,
				C92A79B110B24C50009B64B9 /* pidgin-sipe */,
				32C88E010371C26100C91783 /* Other Sources */,
				089C167CFE841241C02AAC07 /* Resources */,
				089C1671FE841209C02AAC07 /* Frameworks and Libraries */,
				19C28FB8FE9D52D311CA2CBB /* Products */,
				C92A7A0610B250E9009B64B9 /* libgmodule.framework */,
				C92A7A0810B250E9009B64B9 /* libgobject.framework */,
				C92A7A0A10B250E9009B64B9 /* libgthread.framework */,
				C92A7A0D10B250E9009B64B9 /* libjson-glib.framework */,
				C92A7A0F10B250E9009B64B9 /* libmeanwhile.framework */,
			);
			name = SIPEAdiumPlugin;
			sourceTree = "<group>";
		};
		089C1671FE841209C02AAC07 /* Frameworks and Libraries */ = {
			isa = PBXGroup;
			children = (
				1058C7ACFEA557BF11CA2CBB /* Linked Frameworks */,
				1058C7AEFEA557BF11CA2CBB /* Other Frameworks */,
			);
			name = "Frameworks and Libraries";
			sourceTree = "<group>";
		};
		089C167CFE841241C02AAC07 /* Resources */ = {
			isa = PBXGroup;
			children = (
				C9FDAEF3109ADF97004EEEAF /* sipe-small.png */,
				C9FDAEF4109ADF97004EEEAF /* sipe.png */,
				8D5B49B7048680CD000E48DA /* Info.plist */,
				089C167DFE841241C02AAC07 /* InfoPlist.strings */,
			);
			name = Resources;
			sourceTree = "<group>";
		};
		08FB77AFFE84173DC02AAC07 /* Classes */ = {
			isa = PBXGroup;
			children = (
				C99F358D109AE68400E79CB2 /* ESPurpleSIPEAccount.h */,
				C99F358E109AE68400E79CB2 /* ESPurpleSIPEAccount.m */,
				C9488444109B352000ABFAF7 /* ESSIPELibpurpleServicePlugin.h */,
				C9488445109B352000ABFAF7 /* ESSIPELibpurpleServicePlugin.m */,
				C948843B109B2F8100ABFAF7 /* ESSIPEService.h */,
				C948843C109B2F8100ABFAF7 /* ESSIPEService.m */,
			);
			name = Classes;
			sourceTree = "<group>";
		};
		1058C7ACFEA557BF11CA2CBB /* Linked Frameworks */ = {
			isa = PBXGroup;
			children = (
				1058C7ADFEA557BF11CA2CBB /* Cocoa.framework */,
				C9FDAE32109ADA4B004EEEAF /* Adium.framework */,
				C9FDAE34109ADA4B004EEEAF /* AdiumLibpurple.framework */,
				C9FDAE36109ADA4B004EEEAF /* AIUtilities.framework */,
				C9FDAE38109ADA4B004EEEAF /* FriBidi.framework */,
				C9FDADAA109ADA08004EEEAF /* libglib.framework */,
				C9FDAE40109ADA4B004EEEAF /* libintl.framework */,
				C9FDAE46109ADA4B004EEEAF /* libpurple.framework */,
				C9FDAE7E109ADC54004EEEAF /* Kerberos.framework */,
			);
			name = "Linked Frameworks";
			sourceTree = "<group>";
		};
		1058C7AEFEA557BF11CA2CBB /* Other Frameworks */ = {
			isa = PBXGroup;
			children = (
				089C167FFE841241C02AAC07 /* AppKit.framework */,
				D2F7E65807B2D6F200F64583 /* CoreData.framework */,
				089C1672FE841209C02AAC07 /* Foundation.framework */,
			);
			name = "Other Frameworks";
			sourceTree = "<group>";
		};
		19C28FB8FE9D52D311CA2CBB /* Products */ = {
			isa = PBXGroup;
			children = (
				8D5B49B6048680CD000E48DA /* SIPEAdiumPlugin.AdiumLibpurplePlugin */,
				C92A796910B24BAD009B64B9 /* libpidgin-sipe.a */,
			);
			name = Products;
			sourceTree = "<group>";
		};
		32C88E010371C26100C91783 /* Other Sources */ = {
			isa = PBXGroup;
			children = (
				32DBCF630370AF2F00C91783 /* SIPEAdiumPlugin_Prefix.pch */,
			);
			name = "Other Sources";
			sourceTree = "<group>";
		};
		C92A79B110B24C50009B64B9 /* pidgin-sipe */ = {
			isa = PBXGroup;
			children = (
				C92A797310B24C46009B64B9 /* sip-csta.c */,
				C92A797410B24C46009B64B9 /* sip-csta.h */,
				C92A797610B24C46009B64B9 /* sip-sec-krb5.c */,
				C92A797710B24C46009B64B9 /* sip-sec-krb5.h */,
				C92A797810B24C46009B64B9 /* sip-sec-mech.h */,
				C92A797910B24C46009B64B9 /* sip-sec-ntlm.c */,
				C92A797A10B24C46009B64B9 /* sip-sec-ntlm.h */,
				C92A797D10B24C46009B64B9 /* sip-sec.c */,
				C92A797E10B24C46009B64B9 /* sip-sec.h */,
				C92A797F10B24C46009B64B9 /* sipe-chat.c */,
				C92A798010B24C46009B64B9 /* sipe-chat.h */,
				C92A798110B24C46009B64B9 /* sipe-conf.c */,
				C92A798210B24C46009B64B9 /* sipe-conf.h */,
				C92A798310B24C46009B64B9 /* sipe-dialog.c */,
				C92A798410B24C46009B64B9 /* sipe-dialog.h */,
				C92A798510B24C46009B64B9 /* sipe-nls.h */,
				C92A798610B24C46009B64B9 /* sipe-session.c */,
				C92A798710B24C46009B64B9 /* sipe-session.h */,
				C92A798810B24C46009B64B9 /* sipe-sign.c */,
				C92A798910B24C46009B64B9 /* sipe-sign.h */,
				C92A798A10B24C46009B64B9 /* sipe-utils.c */,
				C92A798B10B24C46009B64B9 /* sipe-utils.h */,
				C92A798C10B24C46009B64B9 /* sipe.c */,
				C92A798D10B24C46009B64B9 /* sipe.h */,
				C92A798E10B24C46009B64B9 /* sipmsg.c */,
				C92A798F10B24C46009B64B9 /* sipmsg.h */,
				C92A799010B24C46009B64B9 /* uuid.c */,
				C92A799110B24C46009B64B9 /* uuid.h */,
			);
			name = "pidgin-sipe";
			sourceTree = "<group>";
		};
/* End PBXGroup section */

/* Begin PBXHeadersBuildPhase section */
		C92A796510B24BAD009B64B9 /* Headers */ = {
			isa = PBXHeadersBuildPhase;
			buildActionMask = 2147483647;
			files = (
				C92A799310B24C46009B64B9 /* sip-csta.h in Headers */,
				C92A799610B24C46009B64B9 /* sip-sec-krb5.h in Headers */,
				C92A799710B24C46009B64B9 /* sip-sec-mech.h in Headers */,
				C92A799910B24C46009B64B9 /* sip-sec-ntlm.h in Headers */,
				C92A799D10B24C46009B64B9 /* sip-sec.h in Headers */,
				C92A799F10B24C46009B64B9 /* sipe-chat.h in Headers */,
				C92A79A110B24C46009B64B9 /* sipe-conf.h in Headers */,
				C92A79A310B24C46009B64B9 /* sipe-dialog.h in Headers */,
				C92A79A410B24C46009B64B9 /* sipe-nls.h in Headers */,
				C92A79A610B24C46009B64B9 /* sipe-session.h in Headers */,
				C92A79A810B24C46009B64B9 /* sipe-sign.h in Headers */,
				C92A79AA10B24C46009B64B9 /* sipe-utils.h in Headers */,
				C92A79AC10B24C46009B64B9 /* sipe.h in Headers */,
				C92A79AE10B24C46009B64B9 /* sipmsg.h in Headers */,
				C92A79B010B24C46009B64B9 /* uuid.h in Headers */,
			);
			runOnlyForDeploymentPostprocessing = 0;
		};
/* End PBXHeadersBuildPhase section */

/* Begin PBXNativeTarget section */
		8D5B49AC048680CD000E48DA /* SIPEAdiumPlugin */ = {
			isa = PBXNativeTarget;
			buildConfigurationList = 1DEB913A08733D840010E9CD /* Build configuration list for PBXNativeTarget "SIPEAdiumPlugin" */;
			buildPhases = (
				8D5B49AF048680CD000E48DA /* Resources */,
				8D5B49B1048680CD000E48DA /* Sources */,
				8D5B49B3048680CD000E48DA /* Frameworks */,
			);
			buildRules = (
			);
			dependencies = (
				C92A79F210B25023009B64B9 /* PBXTargetDependency */,
			);
			name = SIPEAdiumPlugin;
			productInstallPath = "$(HOME)/Library/Bundles";
			productName = SIPEAdiumPlugin;
			productReference = 8D5B49B6048680CD000E48DA /* SIPEAdiumPlugin.AdiumLibpurplePlugin */;
			productType = "com.apple.product-type.bundle";
		};
		C92A796810B24BAD009B64B9 /* pidgin-sipe */ = {
			isa = PBXNativeTarget;
			buildConfigurationList = C92A796C10B24BCD009B64B9 /* Build configuration list for PBXNativeTarget "pidgin-sipe" */;
			buildPhases = (
				C92A796510B24BAD009B64B9 /* Headers */,
				C92A796610B24BAD009B64B9 /* Sources */,
				C92A796710B24BAD009B64B9 /* Frameworks */,
			);
			buildRules = (
			);
			dependencies = (
			);
			name = "pidgin-sipe";
			productName = "pidgin-sipe";
			productReference = C92A796910B24BAD009B64B9 /* libpidgin-sipe.a */;
			productType = "com.apple.product-type.library.static";
		};
/* End PBXNativeTarget section */

/* Begin PBXProject section */
		089C1669FE841209C02AAC07 /* Project object */ = {
			isa = PBXProject;
			buildConfigurationList = 1DEB913E08733D840010E9CD /* Build configuration list for PBXProject "SIPEAdiumPlugin" */;
			compatibilityVersion = "Xcode 3.1";
			hasScannedForEncodings = 1;
			mainGroup = 089C166AFE841209C02AAC07 /* SIPEAdiumPlugin */;
			projectDirPath = "";
			projectRoot = "";
			targets = (
				8D5B49AC048680CD000E48DA /* SIPEAdiumPlugin */,
				C92A796810B24BAD009B64B9 /* pidgin-sipe */,
			);
		};
/* End PBXProject section */

/* Begin PBXResourcesBuildPhase section */
		8D5B49AF048680CD000E48DA /* Resources */ = {
			isa = PBXResourcesBuildPhase;
			buildActionMask = 2147483647;
			files = (
				8D5B49B0048680CD000E48DA /* InfoPlist.strings in Resources */,
				C9FDAEF6109ADF97004EEEAF /* sipe.png in Resources */,
				C9D5F10810B264C4008F82FF /* sipe-small.png in Resources */,
			);
			runOnlyForDeploymentPostprocessing = 0;
		};
/* End PBXResourcesBuildPhase section */

/* Begin PBXSourcesBuildPhase section */
		8D5B49B1048680CD000E48DA /* Sources */ = {
			isa = PBXSourcesBuildPhase;
			buildActionMask = 2147483647;
			files = (
				C99F358F109AE68400E79CB2 /* ESPurpleSIPEAccount.m in Sources */,
				C948843D109B2F8100ABFAF7 /* ESSIPEService.m in Sources */,
				C9488446109B352000ABFAF7 /* ESSIPELibpurpleServicePlugin.m in Sources */,
			);
			runOnlyForDeploymentPostprocessing = 0;
		};
		C92A796610B24BAD009B64B9 /* Sources */ = {
			isa = PBXSourcesBuildPhase;
			buildActionMask = 2147483647;
			files = (
				C92A799210B24C46009B64B9 /* sip-csta.c in Sources */,
				C92A799510B24C46009B64B9 /* sip-sec-krb5.c in Sources */,
				C92A799810B24C46009B64B9 /* sip-sec-ntlm.c in Sources */,
				C92A799C10B24C46009B64B9 /* sip-sec.c in Sources */,
				C92A799E10B24C46009B64B9 /* sipe-chat.c in Sources */,
				C92A79A010B24C46009B64B9 /* sipe-conf.c in Sources */,
				C92A79A210B24C46009B64B9 /* sipe-dialog.c in Sources */,
				C92A79A510B24C46009B64B9 /* sipe-session.c in Sources */,
				C92A79A710B24C46009B64B9 /* sipe-sign.c in Sources */,
				C92A79A910B24C46009B64B9 /* sipe-utils.c in Sources */,
				C92A79AB10B24C46009B64B9 /* sipe.c in Sources */,
				C92A79AD10B24C46009B64B9 /* sipmsg.c in Sources */,
				C92A79AF10B24C46009B64B9 /* uuid.c in Sources */,
			);
			runOnlyForDeploymentPostprocessing = 0;
		};
/* End PBXSourcesBuildPhase section */

/* Begin PBXTargetDependency section */
		C92A79F210B25023009B64B9 /* PBXTargetDependency */ = {
			isa = PBXTargetDependency;
			target = C92A796810B24BAD009B64B9 /* pidgin-sipe */;
			targetProxy = C92A79F110B25023009B64B9 /* PBXContainerItemProxy */;
		};
/* End PBXTargetDependency section */

/* Begin PBXVariantGroup section */
		089C167DFE841241C02AAC07 /* InfoPlist.strings */ = {
			isa = PBXVariantGroup;
			children = (
				089C167EFE841241C02AAC07 /* English */,
			);
			name = InfoPlist.strings;
			sourceTree = SOURCE_ROOT;
		};
/* End PBXVariantGroup section */

/* Begin XCBuildConfiguration section */
		1DEB913B08733D840010E9CD /* Debug */ = {
			isa = XCBuildConfiguration;
			buildSettings = {
				ALWAYS_SEARCH_USER_PATHS = NO;
				COPY_PHASE_STRIP = NO;
				FRAMEWORK_SEARCH_PATHS = (
					"$(inherited)",
					"\"$(SRCROOT)/../../../../Library/Frameworks\"",
				);
				GCC_DYNAMIC_NO_PIC = NO;
				GCC_ENABLE_FIX_AND_CONTINUE = YES;
				GCC_MODEL_TUNING = G5;
				GCC_OPTIMIZATION_LEVEL = 0;
				GCC_PRECOMPILE_PREFIX_HEADER = YES;
				GCC_PREFIX_HEADER = SIPEAdiumPlugin_Prefix.pch;
				INFOPLIST_FILE = Info.plist;
				INSTALL_PATH = "$(HOME)/Library/Bundles";
				PRODUCT_NAME = SIPEAdiumPlugin;
				WRAPPER_EXTENSION = AdiumLibpurplePlugin;
			};
			name = Debug;
		};
		1DEB913C08733D840010E9CD /* Release */ = {
			isa = XCBuildConfiguration;
			buildSettings = {
				ALWAYS_SEARCH_USER_PATHS = NO;
				DEBUG_INFORMATION_FORMAT = "dwarf-with-dsym";
				FRAMEWORK_SEARCH_PATHS = (
					"$(inherited)",
					"\"$(SRCROOT)/../../../../Library/Frameworks\"",
				);
				GCC_MODEL_TUNING = G5;
				GCC_PRECOMPILE_PREFIX_HEADER = YES;
				GCC_PREFIX_HEADER = SIPEAdiumPlugin_Prefix.pch;
				INFOPLIST_FILE = Info.plist;
				INSTALL_PATH = "$(HOME)/Library/Bundles";
				PRODUCT_NAME = SIPEAdiumPlugin;
				WRAPPER_EXTENSION = AdiumLibpurplePlugin;
			};
			name = Release;
		};
		1DEB913F08733D840010E9CD /* Debug */ = {
			isa = XCBuildConfiguration;
			buildSettings = {
				ARCHS = "$(ARCHS_STANDARD_32_BIT)";
				GCC_C_LANGUAGE_STANDARD = gnu99;
				GCC_OPTIMIZATION_LEVEL = 0;
				GCC_WARN_ABOUT_RETURN_TYPE = YES;
				GCC_WARN_UNUSED_VARIABLE = YES;
				HEADER_SEARCH_PATHS = (
					"$(HOME)/Library/Frameworks/libpurple.framework/Headers",
					"$(HOME)/Library/Frameworks/libglib.framework/Headers",
				);
				ONLY_ACTIVE_ARCH = YES;
				PREBINDING = NO;
				SDKROOT = macosx10.5;
				STRINGS_FILE_OUTPUT_ENCODING = "UTF-16";
			};
			name = Debug;
		};
		1DEB914008733D840010E9CD /* Release */ = {
			isa = XCBuildConfiguration;
			buildSettings = {
				ARCHS = "$(ARCHS_STANDARD_32_BIT)";
				GCC_C_LANGUAGE_STANDARD = gnu99;
				GCC_WARN_ABOUT_RETURN_TYPE = YES;
				GCC_WARN_UNUSED_VARIABLE = YES;
				HEADER_SEARCH_PATHS = (
					"$(HOME)/Library/Frameworks/libpurple.framework/Headers",
					"$(HOME)/Library/Frameworks/libglib.framework/Headers",
				);
				PREBINDING = NO;
				SDKROOT = macosx10.5;
				STRINGS_FILE_OUTPUT_ENCODING = "UTF-16";
			};
			name = Release;
		};
		C92A796A10B24BAD009B64B9 /* Debug */ = {
			isa = XCBuildConfiguration;
			buildSettings = {
				ALWAYS_SEARCH_USER_PATHS = NO;
				COPY_PHASE_STRIP = NO;
				FRAMEWORK_SEARCH_PATHS = (
					"$(inherited)",
					"\"$(SRCROOT)/../../../../Library/Frameworks\"",
				);
				GCC_DYNAMIC_NO_PIC = NO;
				GCC_ENABLE_FIX_AND_CONTINUE = YES;
				GCC_MODEL_TUNING = G5;
				GCC_OPTIMIZATION_LEVEL = 0;
				GCC_PREPROCESSOR_DEFINITIONS = (
					"ADIUM=1",
					"PACKAGE_NAME=\\\"pidgin-sipe\\\"",
					"PACKAGE_TARNAME=\\\"pidgin-sipe\\\"",
					"PACKAGE_VERSION=\\\"1.9.0\\\"",
					"PACKAGE_STRING=\\\"pidgin-sipe\\ 1.9.0\\\"",
					"PACKAGE_BUGREPORT=\\\"https://sourceforge.net/tracker/?atid=949931&group_id=194563\\\"",
					"PACKAGE_URL=\\\"http://sipe.sourceforge.net/\\\"",
					"STDC_HEADERS=1",
					"HAVE_SYS_TYPES_H=1",
					"HAVE_SYS_STAT_H=1",
					"HAVE_STDLIB_H=1",
					"HAVE_STRING_H=1",
					"HAVE_MEMORY_H=1",
					"HAVE_STRINGS_H=1",
					"HAVE_INTTYPES_H=1",
					"HAVE_STDINT_H=1",
					"HAVE_UNISTD_H=1",
					"HAVE_DLFCN_H=1",
					"LT_OBJDIR=\\\".libs/\\\"",
					"STDC_HEADERS=1",
					"HAVE_LOCALE_H=1",
					"HAVE_LC_MESSAGES=1",
					"HAVE_LANGINFO_CODESET=1",
				);
				INSTALL_PATH = /usr/local/lib;
				PREBINDING = NO;
				PRODUCT_NAME = "pidgin-sipe";
			};
			name = Debug;
		};
		C92A796B10B24BAD009B64B9 /* Release */ = {
			isa = XCBuildConfiguration;
			buildSettings = {
				ALWAYS_SEARCH_USER_PATHS = NO;
				COPY_PHASE_STRIP = YES;
				DEBUG_INFORMATION_FORMAT = "dwarf-with-dsym";
				FRAMEWORK_SEARCH_PATHS = (
					"$(inherited)",
					"\"$(SRCROOT)/../../../../Library/Frameworks\"",
				);
				GCC_ENABLE_FIX_AND_CONTINUE = NO;
				GCC_MODEL_TUNING = G5;
				GCC_PREPROCESSOR_DEFINITIONS = (
					"ADIUM=1",
					"PACKAGE_NAME=\\\"pidgin-sipe\\\"",
					"PACKAGE_TARNAME=\\\"pidgin-sipe\\\"",
					"PACKAGE_VERSION=\\\"1.9.0\\\"",
					"PACKAGE_STRING=\\\"pidgin-sipe\\ 1.9.0\\\"",
					"PACKAGE_BUGREPORT=\\\"https://sourceforge.net/tracker/?atid=949931&group_id=194563\\\"",
					"PACKAGE_URL=\\\"http://sipe.sourceforge.net/\\\"",
					"STDC_HEADERS=1",
					"HAVE_SYS_TYPES_H=1",
					"HAVE_SYS_STAT_H=1",
					"HAVE_STDLIB_H=1",
					"HAVE_STRING_H=1",
					"HAVE_MEMORY_H=1",
					"HAVE_STRINGS_H=1",
					"HAVE_INTTYPES_H=1",
					"HAVE_STDINT_H=1",
					"HAVE_UNISTD_H=1",
					"HAVE_DLFCN_H=1",
					"LT_OBJDIR=\\\".libs/\\\"",
					"STDC_HEADERS=1",
					"HAVE_LOCALE_H=1",
					"HAVE_LC_MESSAGES=1",
					"HAVE_LANGINFO_CODESET=1",
				);
				INSTALL_PATH = /usr/local/lib;
				PREBINDING = NO;
				PRODUCT_NAME = "pidgin-sipe";
				ZERO_LINK = NO;
			};
			name = Release;
		};
/* End XCBuildConfiguration section */

/* Begin XCConfigurationList section */
		1DEB913A08733D840010E9CD /* Build configuration list for PBXNativeTarget "SIPEAdiumPlugin" */ = {
			isa = XCConfigurationList;
			buildConfigurations = (
				1DEB913B08733D840010E9CD /* Debug */,
				1DEB913C08733D840010E9CD /* Release */,
			);
			defaultConfigurationIsVisible = 0;
			defaultConfigurationName = Release;
		};
		1DEB913E08733D840010E9CD /* Build configuration list for PBXProject "SIPEAdiumPlugin" */ = {
			isa = XCConfigurationList;
			buildConfigurations = (
				1DEB913F08733D840010E9CD /* Debug */,
				1DEB914008733D840010E9CD /* Release */,
			);
			defaultConfigurationIsVisible = 0;
			defaultConfigurationName = Release;
		};
		C92A796C10B24BCD009B64B9 /* Build configuration list for PBXNativeTarget "pidgin-sipe" */ = {
			isa = XCConfigurationList;
			buildConfigurations = (
				C92A796A10B24BAD009B64B9 /* Debug */,
				C92A796B10B24BAD009B64B9 /* Release */,
			);
			defaultConfigurationIsVisible = 0;
			defaultConfigurationName = Release;
		};
/* End XCConfigurationList section */
	};
	rootObject = 089C1669FE841209C02AAC07 /* Project object */;
}
