// !$*UTF8*$!
{
	archiveVersion = 1;
	classes = {
	};
	objectVersion = 46;
	objects = {

/* Begin PBXBuildFile section */
		1C1DC3D014A8005A001F6A0F /* md4.c in Sources */ = {isa = PBXBuildFile; fileRef = 1C1DC3CF14A8005A001F6A0F /* md4.c */; };
		1C3F91AC12C1F531000AA829 /* libpidgin-sipe.a in Frameworks */ = {isa = PBXBuildFile; fileRef = 1C7056D312C1E5820004E43B /* libpidgin-sipe.a */; };
		1C822BED12F8E87500CC4AEA /* sipe-im.c in Sources */ = {isa = PBXBuildFile; fileRef = 1C822BEB12F8E87500CC4AEA /* sipe-im.c */; };
		1CD71E3413C5380B0079DE64 /* sipe-ft-tftp.c in Sources */ = {isa = PBXBuildFile; fileRef = 1CD71E3313C5380B0079DE64 /* sipe-ft-tftp.c */; };
		1CD71E3B13C538340079DE64 /* sipe-group.c in Sources */ = {isa = PBXBuildFile; fileRef = 1CD71E3A13C538340079DE64 /* sipe-group.c */; };
		1CDEE46112C35DAD00790CAF /* ESSIPEAccountViewController.m in Sources */ = {isa = PBXBuildFile; fileRef = 1CDEE46012C35DAD00790CAF /* ESSIPEAccountViewController.m */; };
		1CE49FB914A17CF000663393 /* sipe-svc.c in Sources */ = {isa = PBXBuildFile; fileRef = 1CE49FB114A17CF000663393 /* sipe-svc.c */; };
		1CE49FBA14A17CF000663393 /* sipe-ocs2007.c in Sources */ = {isa = PBXBuildFile; fileRef = 1CE49FB214A17CF000663393 /* sipe-ocs2007.c */; };
		1CE49FBB14A17CF000663393 /* sipe-ocs2005.c in Sources */ = {isa = PBXBuildFile; fileRef = 1CE49FB314A17CF000663393 /* sipe-ocs2005.c */; };
		1CE49FEA14A17EF000663393 /* sipe-status.c in Sources */ = {isa = PBXBuildFile; fileRef = 1CE49FE914A17EF000663393 /* sipe-status.c */; };
		1CE49FF314A17F4D00663393 /* sip-soap.c in Sources */ = {isa = PBXBuildFile; fileRef = 1CE49FF014A17F4D00663393 /* sip-soap.c */; };
		1CE49FF414A17F4D00663393 /* sipe-notify.c in Sources */ = {isa = PBXBuildFile; fileRef = 1CE49FF114A17F4D00663393 /* sipe-notify.c */; };
		1CE49FF514A17F4D00663393 /* sipe-webticket.c in Sources */ = {isa = PBXBuildFile; fileRef = 1CE49FF214A17F4D00663393 /* sipe-webticket.c */; };
		1CE4A00614A17FD100663393 /* sip-sec-ntlm-tests.c in Sources */ = {isa = PBXBuildFile; fileRef = 1CE49FFE14A17FD100663393 /* sip-sec-ntlm-tests.c */; };
		1CE4A00714A17FD100663393 /* sip-sec-digest.c in Sources */ = {isa = PBXBuildFile; fileRef = 1CE4A00114A17FD100663393 /* sip-sec-digest.c */; };
		1CE4A00814A17FD100663393 /* sip-sec-tls-dsk.c in Sources */ = {isa = PBXBuildFile; fileRef = 1CE4A00014A17FD100663393 /* sip-sec-tls-dsk.c */; };
		1CE4A00A14A17FD100663393 /* sipe-certificate.c in Sources */ = {isa = PBXBuildFile; fileRef = 1CE4A00214A17FD100663393 /* sipe-certificate.c */; };
		1CE4A00C14A17FD100663393 /* sipe-tls-tester.c in Sources */ = {isa = PBXBuildFile; fileRef = 1CE4A00414A17FD100663393 /* sipe-tls-tester.c */; };
		1CE4A00D14A17FD100663393 /* sipe-tls.c in Sources */ = {isa = PBXBuildFile; fileRef = 1CE4A00514A17FD100663393 /* sipe-tls.c */; };
		1CE4A01E14A180E100663393 /* purple-search.c in Sources */ = {isa = PBXBuildFile; fileRef = 1CE4A01C14A180E100663393 /* purple-search.c */; };
		1CE4A01F14A180E100663393 /* purple-status.c in Sources */ = {isa = PBXBuildFile; fileRef = 1CE4A01D14A180E100663393 /* purple-status.c */; };
		1CF260F912C2DFA00045B6CC /* purple-buddy.c in Sources */ = {isa = PBXBuildFile; fileRef = 1CF260F112C2DFA00045B6CC /* purple-buddy.c */; };
		1CF260FA12C2DFA00045B6CC /* purple-chat.c in Sources */ = {isa = PBXBuildFile; fileRef = 1CF260F212C2DFA00045B6CC /* purple-chat.c */; };
		1CF260FB12C2DFA00045B6CC /* purple-ft.c in Sources */ = {isa = PBXBuildFile; fileRef = 1CF260F312C2DFA00045B6CC /* purple-ft.c */; };
		1CF260FC12C2DFA00045B6CC /* purple-groupchat.c in Sources */ = {isa = PBXBuildFile; fileRef = 1CF260F412C2DFA00045B6CC /* purple-groupchat.c */; };
		1CF260FD12C2DFA00045B6CC /* purple-im.c in Sources */ = {isa = PBXBuildFile; fileRef = 1CF260F512C2DFA00045B6CC /* purple-im.c */; };
		1CF260FF12C2DFA00045B6CC /* purple-notify.c in Sources */ = {isa = PBXBuildFile; fileRef = 1CF260F712C2DFA00045B6CC /* purple-notify.c */; };
		1CF2610012C2DFA00045B6CC /* purple-user.c in Sources */ = {isa = PBXBuildFile; fileRef = 1CF260F812C2DFA00045B6CC /* purple-user.c */; };
		1CF2611412C2E1AA0045B6CC /* sdpmsg.c in Sources */ = {isa = PBXBuildFile; fileRef = 1CF2610812C2E1AA0045B6CC /* sdpmsg.c */; };
		1CF2611812C2E1AA0045B6CC /* sipe-groupchat.c in Sources */ = {isa = PBXBuildFile; fileRef = 1CF2610C12C2E1AA0045B6CC /* sipe-groupchat.c */; };
		1CF2611912C2E1AA0045B6CC /* sipe-incoming.c in Sources */ = {isa = PBXBuildFile; fileRef = 1CF2610D12C2E1AA0045B6CC /* sipe-incoming.c */; };
		1CF2611B12C2E1AA0045B6CC /* sipe-ucs.c in Sources */ = {isa = PBXBuildFile; fileRef = 1CF2610F12C2E1AA0045B6CC /* sipe-ucs.c */; };
		1CF2611C12C2E1AA0045B6CC /* sipe-subscriptions.c in Sources */ = {isa = PBXBuildFile; fileRef = 1CF2611012C2E1AA0045B6CC /* sipe-subscriptions.c */; };
		1CF2611D12C2E1AA0045B6CC /* sipe-user.c in Sources */ = {isa = PBXBuildFile; fileRef = 1CF2611112C2E1AA0045B6CC /* sipe-user.c */; };
		1CF2612C12C2E73F0045B6CC /* ESPurpleSIPEAccount.m in Sources */ = {isa = PBXBuildFile; fileRef = C99F358E109AE68400E79CB2 /* ESPurpleSIPEAccount.m */; };
		1CF2612D12C2E7420045B6CC /* ESSIPEService.m in Sources */ = {isa = PBXBuildFile; fileRef = C948843C109B2F8100ABFAF7 /* ESSIPEService.m */; };
		1CF2612E12C2E7430045B6CC /* ESSIPELibpurpleServicePlugin.m in Sources */ = {isa = PBXBuildFile; fileRef = C9488445109B352000ABFAF7 /* ESSIPELibpurpleServicePlugin.m */; };
		5AAF284A184E4172007481FA /* sipe-cert-crypto-openssl.c in Sources */ = {isa = PBXBuildFile; fileRef = B82FA4181847524B00AE581B /* sipe-cert-crypto-openssl.c */; };
		5AAF284B184E4172007481FA /* sipe-crypt-openssl.c in Sources */ = {isa = PBXBuildFile; fileRef = B82FA4191847524B00AE581B /* sipe-crypt-openssl.c */; };
		5AAF284C184E4172007481FA /* sipe-digest-openssl.c in Sources */ = {isa = PBXBuildFile; fileRef = B82FA41A1847524B00AE581B /* sipe-digest-openssl.c */; };
		5AAF284D184E4172007481FA /* sipe-http-request.c in Sources */ = {isa = PBXBuildFile; fileRef = 7B379591176A2DDF001A02FD /* sipe-http-request.c */; };
		5AAF284E184E4172007481FA /* sipe-http-transport.c in Sources */ = {isa = PBXBuildFile; fileRef = 7B379592176A2DDF001A02FD /* sipe-http-transport.c */; };
		5AAF284F184E4172007481FA /* sipe-http.c in Sources */ = {isa = PBXBuildFile; fileRef = 7B379593176A2DDF001A02FD /* sipe-http.c */; };
		5AAF2850184E4172007481FA /* sip-sec-negotiate.c in Sources */ = {isa = PBXBuildFile; fileRef = 7B78059916DFF8D200B844A6 /* sip-sec-negotiate.c */; };
		5AAF2851184E4172007481FA /* sip-sec-basic.c in Sources */ = {isa = PBXBuildFile; fileRef = 7B78059D16DFF8D200B844A6 /* sip-sec-basic.c */; };
		7B50EFAB16DB326100F897D1 /* PurpleDefaultsSIPE.plist in Resources */ = {isa = PBXBuildFile; fileRef = 7B50EFAA16DB326100F897D1 /* PurpleDefaultsSIPE.plist */; };
		7B78055816DEC73400B844A6 /* ESSIPEAccountView.xib in Resources */ = {isa = PBXBuildFile; fileRef = 7B78055716DEC73400B844A6 /* ESSIPEAccountView.xib */; };
		7BBE151C184D4BEA0000FFC9 /* DCPurpleSIPEJoinChatViewController.h in Headers */ = {isa = PBXBuildFile; fileRef = 7BBE151A184D4BEA0000FFC9 /* DCPurpleSIPEJoinChatViewController.h */; };
		7BBE151D184D4BEA0000FFC9 /* DCPurpleSIPEJoinChatViewController.m in Sources */ = {isa = PBXBuildFile; fileRef = 7BBE151B184D4BEA0000FFC9 /* DCPurpleSIPEJoinChatViewController.m */; };
		7BBE1529184D4BF50000FFC9 /* DCPurpleSIPEJoinChatView.xib in Resources */ = {isa = PBXBuildFile; fileRef = 7BBE1527184D4BF50000FFC9 /* DCPurpleSIPEJoinChatView.xib */; };
		8D5B49B0048680CD000E48DA /* InfoPlist.strings in Resources */ = {isa = PBXBuildFile; fileRef = 089C167DFE841241C02AAC07 /* InfoPlist.strings */; };
		8D5B49B4048680CD000E48DA /* Cocoa.framework in Frameworks */ = {isa = PBXBuildFile; fileRef = 1058C7ADFEA557BF11CA2CBB /* Cocoa.framework */; };
		B13FAB5F119D5155001CE037 /* purple-connection.c in Sources */ = {isa = PBXBuildFile; fileRef = B13FAB4F119D5155001CE037 /* purple-connection.c */; };
		B13FAB61119D5155001CE037 /* purple-debug.c in Sources */ = {isa = PBXBuildFile; fileRef = B13FAB51119D5155001CE037 /* purple-debug.c */; };
		B13FAB63119D5155001CE037 /* purple-dnsquery.c in Sources */ = {isa = PBXBuildFile; fileRef = B13FAB53119D5155001CE037 /* purple-dnsquery.c */; };
		B13FAB64119D5155001CE037 /* purple-markup.c in Sources */ = {isa = PBXBuildFile; fileRef = B13FAB54119D5155001CE037 /* purple-markup.c */; };
		B13FAB66119D5155001CE037 /* purple-mime.c in Sources */ = {isa = PBXBuildFile; fileRef = B13FAB56119D5155001CE037 /* purple-mime.c */; };
		B13FAB67119D5155001CE037 /* purple-network.c in Sources */ = {isa = PBXBuildFile; fileRef = B13FAB57119D5155001CE037 /* purple-network.c */; };
		B13FAB68119D5155001CE037 /* purple-plugin.c in Sources */ = {isa = PBXBuildFile; fileRef = B13FAB58119D5155001CE037 /* purple-plugin.c */; };
		B13FAB6A119D5155001CE037 /* purple-schedule.c in Sources */ = {isa = PBXBuildFile; fileRef = B13FAB5A119D5155001CE037 /* purple-schedule.c */; };
		B13FAB6B119D5155001CE037 /* purple-setting.c in Sources */ = {isa = PBXBuildFile; fileRef = B13FAB5B119D5155001CE037 /* purple-setting.c */; };
		B13FAB6C119D5155001CE037 /* purple-transport.c in Sources */ = {isa = PBXBuildFile; fileRef = B13FAB5C119D5155001CE037 /* purple-transport.c */; };
		B13FAB6D119D5155001CE037 /* tests-load.c in Sources */ = {isa = PBXBuildFile; fileRef = B13FAB5D119D5155001CE037 /* tests-load.c */; };
		B13FAB6E119D5155001CE037 /* tests.c in Sources */ = {isa = PBXBuildFile; fileRef = B13FAB5E119D5155001CE037 /* tests.c */; };
		B13FABDF119D585A001CE037 /* sip-csta.c in Sources */ = {isa = PBXBuildFile; fileRef = B13FABA3119D585A001CE037 /* sip-csta.c */; };
		B13FABE1119D585A001CE037 /* sip-sec-gssapi.c in Sources */ = {isa = PBXBuildFile; fileRef = B13FABA5119D585A001CE037 /* sip-sec-gssapi.c */; };
		B13FABE5119D585A001CE037 /* sip-sec-ntlm.c in Sources */ = {isa = PBXBuildFile; fileRef = B13FABA9119D585A001CE037 /* sip-sec-ntlm.c */; };
		B13FABE9119D585A001CE037 /* sip-sec.c in Sources */ = {isa = PBXBuildFile; fileRef = B13FABAD119D585A001CE037 /* sip-sec.c */; };
		B13FABEB119D585A001CE037 /* sip-transport.c in Sources */ = {isa = PBXBuildFile; fileRef = B13FABAF119D585A001CE037 /* sip-transport.c */; };
		B13FABED119D585A001CE037 /* sipe-buddy.c in Sources */ = {isa = PBXBuildFile; fileRef = B13FABB1119D585A001CE037 /* sipe-buddy.c */; };
		B13FABEF119D585A001CE037 /* sipe-cal.c in Sources */ = {isa = PBXBuildFile; fileRef = B13FABB3119D585A001CE037 /* sipe-cal.c */; };
		B13FABF1119D585A001CE037 /* sipe-chat.c in Sources */ = {isa = PBXBuildFile; fileRef = B13FABB5119D585A001CE037 /* sipe-chat.c */; };
		B13FABF3119D585A001CE037 /* sipe-conf.c in Sources */ = {isa = PBXBuildFile; fileRef = B13FABB7119D585A001CE037 /* sipe-conf.c */; };
		B13FABF6119D585A001CE037 /* sipe-core.c in Sources */ = {isa = PBXBuildFile; fileRef = B13FABBA119D585A001CE037 /* sipe-core.c */; };
		B13FABF8119D585A001CE037 /* sipe-dialog.c in Sources */ = {isa = PBXBuildFile; fileRef = B13FABBC119D585A001CE037 /* sipe-dialog.c */; };
		B13FABFB119D585A001CE037 /* sipe-domino.c in Sources */ = {isa = PBXBuildFile; fileRef = B13FABBF119D585A001CE037 /* sipe-domino.c */; };
		B13FABFD119D585A001CE037 /* sipe-ews.c in Sources */ = {isa = PBXBuildFile; fileRef = B13FABC1119D585A001CE037 /* sipe-ews.c */; };
		B13FABFE119D585A001CE037 /* sipe-ews-autodiscover.c in Sources */ = {isa = PBXBuildFile; fileRef = B13FABC2119D585A001CE037 /* sipe-ews-autodiscover.c */; };
		B13FABFF119D585A001CE037 /* sipe-ft.c in Sources */ = {isa = PBXBuildFile; fileRef = B13FABC3119D585A001CE037 /* sipe-ft.c */; };
		B13FAC04119D585A001CE037 /* sipe-schedule.c in Sources */ = {isa = PBXBuildFile; fileRef = B13FABC8119D585A001CE037 /* sipe-schedule.c */; };
		B13FAC06119D585A001CE037 /* sipe-session.c in Sources */ = {isa = PBXBuildFile; fileRef = B13FABCA119D585A001CE037 /* sipe-session.c */; };
		B13FAC08119D585A001CE037 /* sipe-sign.c in Sources */ = {isa = PBXBuildFile; fileRef = B13FABCC119D585A001CE037 /* sipe-sign.c */; };
		B13FAC0A119D585A001CE037 /* sipe-utils.c in Sources */ = {isa = PBXBuildFile; fileRef = B13FABCE119D585A001CE037 /* sipe-utils.c */; };
		B13FAC0F119D585A001CE037 /* sipe-xml.c in Sources */ = {isa = PBXBuildFile; fileRef = B13FABD3119D585A001CE037 /* sipe-xml.c */; };
		B13FAC13119D585A001CE037 /* sipmsg.c in Sources */ = {isa = PBXBuildFile; fileRef = B13FABD7119D585A001CE037 /* sipmsg.c */; };
		B13FAC15119D585A001CE037 /* uuid.c in Sources */ = {isa = PBXBuildFile; fileRef = B13FABD9119D585A001CE037 /* uuid.c */; };
		B13FAC61119D721E001CE037 /* libxml2.dylib in Frameworks */ = {isa = PBXBuildFile; fileRef = B13FAC60119D721E001CE037 /* libxml2.dylib */; };
		C9FDAE7F109ADC54004EEEAF /* Kerberos.framework in Frameworks */ = {isa = PBXBuildFile; fileRef = C9FDAE7E109ADC54004EEEAF /* Kerberos.framework */; };
		C9FDAEF6109ADF97004EEEAF /* sipe.png in Resources */ = {isa = PBXBuildFile; fileRef = C9FDAEF4109ADF97004EEEAF /* sipe.png */; };
/* End PBXBuildFile section */

/* Begin PBXContainerItemProxy section */
		7BB8CBC1183AA605004351FF /* PBXContainerItemProxy */ = {
			isa = PBXContainerItemProxy;
			containerPortal = 7BB8CBB3183AA600004351FF /* Adium.xcodeproj */;
			proxyType = 2;
			remoteGlobalIDString = 34BD9DA9053146CC000AB133;
			remoteInfo = Adium;
		};
		7BB8CBC3183AA605004351FF /* PBXContainerItemProxy */ = {
			isa = PBXContainerItemProxy;
			containerPortal = 7BB8CBB3183AA600004351FF /* Adium.xcodeproj */;
			proxyType = 2;
			remoteGlobalIDString = 34BD9DE105314751000AB133;
			remoteInfo = Adium.Framework;
		};
		7BB8CBC5183AA605004351FF /* PBXContainerItemProxy */ = {
			isa = PBXContainerItemProxy;
			containerPortal = 7BB8CBB3183AA600004351FF /* Adium.xcodeproj */;
			proxyType = 2;
			remoteGlobalIDString = 3485D68009EB416300232CC4;
			remoteInfo = AdiumLibpurple;
		};
		7BB8CBC7183AA605004351FF /* PBXContainerItemProxy */ = {
			isa = PBXContainerItemProxy;
			containerPortal = 7BB8CBB3183AA600004351FF /* Adium.xcodeproj */;
			proxyType = 2;
			remoteGlobalIDString = 6334FBFC0F9C11DC003C77A9;
			remoteInfo = AIUtilities.framework;
		};
		7BB8CBC9183AA605004351FF /* PBXContainerItemProxy */ = {
			isa = PBXContainerItemProxy;
			containerPortal = 7BB8CBB3183AA600004351FF /* Adium.xcodeproj */;
			proxyType = 2;
			remoteGlobalIDString = 349C2EFA0867AC97000BF883;
			remoteInfo = AdiumApplescriptRunner;
		};
		7BB8CBCB183AA605004351FF /* PBXContainerItemProxy */ = {
			isa = PBXContainerItemProxy;
			containerPortal = 7BB8CBB3183AA600004351FF /* Adium.xcodeproj */;
			proxyType = 2;
			remoteGlobalIDString = 312ED3CA0C7E875B00A6BDA9;
			remoteInfo = "Unit tests";
		};
		7BB8CBCD183AA605004351FF /* PBXContainerItemProxy */ = {
			isa = PBXContainerItemProxy;
			containerPortal = 7BB8CBB3183AA600004351FF /* Adium.xcodeproj */;
			proxyType = 2;
			remoteGlobalIDString = 633D4FA40F9D3073004F491E;
			remoteInfo = "Spotlight Importer";
		};
		7BB8CC2A183AC198004351FF /* PBXContainerItemProxy */ = {
			isa = PBXContainerItemProxy;
			containerPortal = 7BB8CBB3183AA600004351FF /* Adium.xcodeproj */;
			proxyType = 1;
			remoteGlobalIDString = 34BD9CD1053146CC000AB133;
			remoteInfo = Adium;
		};
		C92A79F110B25023009B64B9 /* PBXContainerItemProxy */ = {
			isa = PBXContainerItemProxy;
			containerPortal = 089C1669FE841209C02AAC07 /* Project object */;
			proxyType = 1;
			remoteGlobalIDString = C92A796810B24BAD009B64B9;
			remoteInfo = "pidgin-sipe";
		};
/* End PBXContainerItemProxy section */

/* Begin PBXCopyFilesBuildPhase section */
		7B5DD2EA16DB1DFD00B3D188 /* CopyFiles */ = {
			isa = PBXCopyFilesBuildPhase;
			buildActionMask = 2147483647;
			dstPath = "";
			dstSubfolderSpec = 10;
			files = (
			);
			runOnlyForDeploymentPostprocessing = 0;
		};
/* End PBXCopyFilesBuildPhase section */

/* Begin PBXFileReference section */
		089C1672FE841209C02AAC07 /* Foundation.framework */ = {isa = PBXFileReference; lastKnownFileType = wrapper.framework; name = Foundation.framework; path = /System/Library/Frameworks/Foundation.framework; sourceTree = "<absolute>"; };
		089C167EFE841241C02AAC07 /* English */ = {isa = PBXFileReference; fileEncoding = 4; lastKnownFileType = text.plist.strings; name = English; path = English.lproj/InfoPlist.strings; sourceTree = "<group>"; };
		089C167FFE841241C02AAC07 /* AppKit.framework */ = {isa = PBXFileReference; lastKnownFileType = wrapper.framework; name = AppKit.framework; path = /System/Library/Frameworks/AppKit.framework; sourceTree = "<absolute>"; };
		1058C7ADFEA557BF11CA2CBB /* Cocoa.framework */ = {isa = PBXFileReference; lastKnownFileType = wrapper.framework; name = Cocoa.framework; path = /System/Library/Frameworks/Cocoa.framework; sourceTree = "<absolute>"; };
		1C1DC3CF14A8005A001F6A0F /* md4.c */ = {isa = PBXFileReference; fileEncoding = 4; lastKnownFileType = sourcecode.c.c; path = md4.c; sourceTree = "<group>"; };
		1C7056D312C1E5820004E43B /* libpidgin-sipe.a */ = {isa = PBXFileReference; explicitFileType = archive.ar; includeInIndex = 0; path = "libpidgin-sipe.a"; sourceTree = BUILT_PRODUCTS_DIR; };
		1C822BEB12F8E87500CC4AEA /* sipe-im.c */ = {isa = PBXFileReference; fileEncoding = 4; lastKnownFileType = sourcecode.c.c; path = "sipe-im.c"; sourceTree = "<group>"; };
		1CD71E3313C5380B0079DE64 /* sipe-ft-tftp.c */ = {isa = PBXFileReference; fileEncoding = 4; lastKnownFileType = sourcecode.c.c; path = "sipe-ft-tftp.c"; sourceTree = "<group>"; };
		1CD71E3A13C538340079DE64 /* sipe-group.c */ = {isa = PBXFileReference; fileEncoding = 4; lastKnownFileType = sourcecode.c.c; path = "sipe-group.c"; sourceTree = "<group>"; };
		1CDEE45F12C35DAD00790CAF /* ESSIPEAccountViewController.h */ = {isa = PBXFileReference; fileEncoding = 4; lastKnownFileType = sourcecode.c.h; path = ESSIPEAccountViewController.h; sourceTree = "<group>"; };
		1CDEE46012C35DAD00790CAF /* ESSIPEAccountViewController.m */ = {isa = PBXFileReference; fileEncoding = 4; lastKnownFileType = sourcecode.c.objc; path = ESSIPEAccountViewController.m; sourceTree = "<group>"; };
		1CE49FB114A17CF000663393 /* sipe-svc.c */ = {isa = PBXFileReference; fileEncoding = 4; lastKnownFileType = sourcecode.c.c; path = "sipe-svc.c"; sourceTree = "<group>"; };
		1CE49FB214A17CF000663393 /* sipe-ocs2007.c */ = {isa = PBXFileReference; fileEncoding = 4; lastKnownFileType = sourcecode.c.c; path = "sipe-ocs2007.c"; sourceTree = "<group>"; };
		1CE49FB314A17CF000663393 /* sipe-ocs2005.c */ = {isa = PBXFileReference; fileEncoding = 4; lastKnownFileType = sourcecode.c.c; path = "sipe-ocs2005.c"; sourceTree = "<group>"; };
		1CE49FE914A17EF000663393 /* sipe-status.c */ = {isa = PBXFileReference; fileEncoding = 4; lastKnownFileType = sourcecode.c.c; path = "sipe-status.c"; sourceTree = "<group>"; };
		1CE49FF014A17F4D00663393 /* sip-soap.c */ = {isa = PBXFileReference; fileEncoding = 4; lastKnownFileType = sourcecode.c.c; path = "sip-soap.c"; sourceTree = "<group>"; };
		1CE49FF114A17F4D00663393 /* sipe-notify.c */ = {isa = PBXFileReference; fileEncoding = 4; lastKnownFileType = sourcecode.c.c; path = "sipe-notify.c"; sourceTree = "<group>"; };
		1CE49FF214A17F4D00663393 /* sipe-webticket.c */ = {isa = PBXFileReference; fileEncoding = 4; lastKnownFileType = sourcecode.c.c; path = "sipe-webticket.c"; sourceTree = "<group>"; };
		1CE49FFE14A17FD100663393 /* sip-sec-ntlm-tests.c */ = {isa = PBXFileReference; fileEncoding = 4; lastKnownFileType = sourcecode.c.c; path = "sip-sec-ntlm-tests.c"; sourceTree = "<group>"; };
		1CE4A00014A17FD100663393 /* sip-sec-tls-dsk.c */ = {isa = PBXFileReference; fileEncoding = 4; lastKnownFileType = sourcecode.c.c; path = "sip-sec-tls-dsk.c"; sourceTree = "<group>"; };
		1CE4A00114A17FD100663393 /* sip-sec-digest.c */ = {isa = PBXFileReference; fileEncoding = 4; lastKnownFileType = sourcecode.c.c; path = "sip-sec-digest.c"; sourceTree = "<group>"; };
		1CE4A00214A17FD100663393 /* sipe-certificate.c */ = {isa = PBXFileReference; fileEncoding = 4; lastKnownFileType = sourcecode.c.c; path = "sipe-certificate.c"; sourceTree = "<group>"; };
		1CE4A00414A17FD100663393 /* sipe-tls-tester.c */ = {isa = PBXFileReference; fileEncoding = 4; lastKnownFileType = sourcecode.c.c; path = "sipe-tls-tester.c"; sourceTree = "<group>"; };
		1CE4A00514A17FD100663393 /* sipe-tls.c */ = {isa = PBXFileReference; fileEncoding = 4; lastKnownFileType = sourcecode.c.c; path = "sipe-tls.c"; sourceTree = "<group>"; };
		1CE4A01C14A180E100663393 /* purple-search.c */ = {isa = PBXFileReference; fileEncoding = 4; lastKnownFileType = sourcecode.c.c; path = "purple-search.c"; sourceTree = "<group>"; };
		1CE4A01D14A180E100663393 /* purple-status.c */ = {isa = PBXFileReference; fileEncoding = 4; lastKnownFileType = sourcecode.c.c; path = "purple-status.c"; sourceTree = "<group>"; };
		1CF260F112C2DFA00045B6CC /* purple-buddy.c */ = {isa = PBXFileReference; fileEncoding = 4; lastKnownFileType = sourcecode.c.c; path = "purple-buddy.c"; sourceTree = "<group>"; };
		1CF260F212C2DFA00045B6CC /* purple-chat.c */ = {isa = PBXFileReference; fileEncoding = 4; lastKnownFileType = sourcecode.c.c; path = "purple-chat.c"; sourceTree = "<group>"; };
		1CF260F312C2DFA00045B6CC /* purple-ft.c */ = {isa = PBXFileReference; fileEncoding = 4; lastKnownFileType = sourcecode.c.c; path = "purple-ft.c"; sourceTree = "<group>"; };
		1CF260F412C2DFA00045B6CC /* purple-groupchat.c */ = {isa = PBXFileReference; fileEncoding = 4; lastKnownFileType = sourcecode.c.c; path = "purple-groupchat.c"; sourceTree = "<group>"; };
		1CF260F512C2DFA00045B6CC /* purple-im.c */ = {isa = PBXFileReference; fileEncoding = 4; lastKnownFileType = sourcecode.c.c; path = "purple-im.c"; sourceTree = "<group>"; };
		1CF260F712C2DFA00045B6CC /* purple-notify.c */ = {isa = PBXFileReference; fileEncoding = 4; lastKnownFileType = sourcecode.c.c; path = "purple-notify.c"; sourceTree = "<group>"; };
		1CF260F812C2DFA00045B6CC /* purple-user.c */ = {isa = PBXFileReference; fileEncoding = 4; lastKnownFileType = sourcecode.c.c; path = "purple-user.c"; sourceTree = "<group>"; };
		1CF2610812C2E1AA0045B6CC /* sdpmsg.c */ = {isa = PBXFileReference; fileEncoding = 4; lastKnownFileType = sourcecode.c.c; path = sdpmsg.c; sourceTree = "<group>"; };
		1CF2610C12C2E1AA0045B6CC /* sipe-groupchat.c */ = {isa = PBXFileReference; fileEncoding = 4; lastKnownFileType = sourcecode.c.c; path = "sipe-groupchat.c"; sourceTree = "<group>"; };
		1CF2610D12C2E1AA0045B6CC /* sipe-incoming.c */ = {isa = PBXFileReference; fileEncoding = 4; lastKnownFileType = sourcecode.c.c; path = "sipe-incoming.c"; sourceTree = "<group>"; };
		1CF2610F12C2E1AA0045B6CC /* sipe-ucs.c */ = {isa = PBXFileReference; fileEncoding = 4; lastKnownFileType = sourcecode.c.c; path = "sipe-ucs.c"; sourceTree = "<group>"; };
		1CF2611012C2E1AA0045B6CC /* sipe-subscriptions.c */ = {isa = PBXFileReference; fileEncoding = 4; lastKnownFileType = sourcecode.c.c; path = "sipe-subscriptions.c"; sourceTree = "<group>"; };
		1CF2611112C2E1AA0045B6CC /* sipe-user.c */ = {isa = PBXFileReference; fileEncoding = 4; lastKnownFileType = sourcecode.c.c; path = "sipe-user.c"; sourceTree = "<group>"; };
		32DBCF630370AF2F00C91783 /* SIPEAdiumPlugin_Prefix.pch */ = {isa = PBXFileReference; fileEncoding = 4; lastKnownFileType = sourcecode.c.h; path = SIPEAdiumPlugin_Prefix.pch; sourceTree = "<group>"; };
		7B379591176A2DDF001A02FD /* sipe-http-request.c */ = {isa = PBXFileReference; fileEncoding = 4; lastKnownFileType = sourcecode.c.c; path = "sipe-http-request.c"; sourceTree = "<group>"; };
		7B379592176A2DDF001A02FD /* sipe-http-transport.c */ = {isa = PBXFileReference; fileEncoding = 4; lastKnownFileType = sourcecode.c.c; path = "sipe-http-transport.c"; sourceTree = "<group>"; };
		7B379593176A2DDF001A02FD /* sipe-http.c */ = {isa = PBXFileReference; fileEncoding = 4; lastKnownFileType = sourcecode.c.c; path = "sipe-http.c"; sourceTree = "<group>"; };
		7B50EFAA16DB326100F897D1 /* PurpleDefaultsSIPE.plist */ = {isa = PBXFileReference; fileEncoding = 4; lastKnownFileType = text.plist.xml; path = PurpleDefaultsSIPE.plist; sourceTree = "<group>"; };
		7B78055716DEC73400B844A6 /* ESSIPEAccountView.xib */ = {isa = PBXFileReference; fileEncoding = 4; lastKnownFileType = file.xib; name = ESSIPEAccountView.xib; path = English.lproj/ESSIPEAccountView.xib; sourceTree = "<group>"; };
		7B78059916DFF8D200B844A6 /* sip-sec-negotiate.c */ = {isa = PBXFileReference; fileEncoding = 4; lastKnownFileType = sourcecode.c.c; path = "sip-sec-negotiate.c"; sourceTree = "<group>"; };
		7B78059D16DFF8D200B844A6 /* sip-sec-basic.c */ = {isa = PBXFileReference; fileEncoding = 4; lastKnownFileType = sourcecode.c.c; path = "sip-sec-basic.c"; sourceTree = "<group>"; };
		7BB8CB91183AA0BD004351FF /* Base.xcconfig */ = {isa = PBXFileReference; fileEncoding = 4; lastKnownFileType = text.xcconfig; path = Base.xcconfig; sourceTree = "<group>"; };
		7BB8CB92183AA0BD004351FF /* Debug-Release.xcconfig */ = {isa = PBXFileReference; fileEncoding = 4; lastKnownFileType = text.xcconfig; path = "Debug-Release.xcconfig"; sourceTree = "<group>"; };
		7BB8CB93183AA0BD004351FF /* Debug.xcconfig */ = {isa = PBXFileReference; fileEncoding = 4; lastKnownFileType = text.xcconfig; path = Debug.xcconfig; sourceTree = "<group>"; };
		7BB8CB94183AA0BD004351FF /* libpidgin-sipe.xcconfig */ = {isa = PBXFileReference; fileEncoding = 4; lastKnownFileType = text.xcconfig; path = "libpidgin-sipe.xcconfig"; sourceTree = "<group>"; };
		7BB8CB96183AA0BD004351FF /* Release.xcconfig */ = {isa = PBXFileReference; fileEncoding = 4; lastKnownFileType = text.xcconfig; path = Release.xcconfig; sourceTree = "<group>"; };
		7BB8CB97183AA0BD004351FF /* SIPEAdiumPlugin.xcconfig */ = {isa = PBXFileReference; fileEncoding = 4; lastKnownFileType = text.xcconfig; path = SIPEAdiumPlugin.xcconfig; sourceTree = "<group>"; };
		7BB8CBB3183AA600004351FF /* Adium.xcodeproj */ = {isa = PBXFileReference; lastKnownFileType = "wrapper.pb-project"; name = Adium.xcodeproj; path = ../../../adium/Adium.xcodeproj; sourceTree = "<group>"; };
		7BBE151A184D4BEA0000FFC9 /* DCPurpleSIPEJoinChatViewController.h */ = {isa = PBXFileReference; fileEncoding = 4; lastKnownFileType = sourcecode.c.h; path = DCPurpleSIPEJoinChatViewController.h; sourceTree = "<group>"; };
		7BBE151B184D4BEA0000FFC9 /* DCPurpleSIPEJoinChatViewController.m */ = {isa = PBXFileReference; fileEncoding = 4; lastKnownFileType = sourcecode.c.objc; path = DCPurpleSIPEJoinChatViewController.m; sourceTree = "<group>"; };
		7BBE1528184D4BF50000FFC9 /* English */ = {isa = PBXFileReference; lastKnownFileType = file.xib; name = English; path = English.lproj/DCPurpleSIPEJoinChatView.xib; sourceTree = "<group>"; };
		8D5B49B6048680CD000E48DA /* SIPEAdiumPlugin.AdiumLibpurplePlugin */ = {isa = PBXFileReference; explicitFileType = wrapper.cfbundle; includeInIndex = 0; path = SIPEAdiumPlugin.AdiumLibpurplePlugin; sourceTree = BUILT_PRODUCTS_DIR; };
		8D5B49B7048680CD000E48DA /* Info.plist */ = {isa = PBXFileReference; fileEncoding = 4; lastKnownFileType = text.plist.xml; path = Info.plist; sourceTree = SOURCE_ROOT; };
		B13FAB4F119D5155001CE037 /* purple-connection.c */ = {isa = PBXFileReference; fileEncoding = 4; lastKnownFileType = sourcecode.c.c; path = "purple-connection.c"; sourceTree = "<group>"; };
		B13FAB51119D5155001CE037 /* purple-debug.c */ = {isa = PBXFileReference; fileEncoding = 4; lastKnownFileType = sourcecode.c.c; path = "purple-debug.c"; sourceTree = "<group>"; };
		B13FAB53119D5155001CE037 /* purple-dnsquery.c */ = {isa = PBXFileReference; fileEncoding = 4; lastKnownFileType = sourcecode.c.c; path = "purple-dnsquery.c"; sourceTree = "<group>"; };
		B13FAB54119D5155001CE037 /* purple-markup.c */ = {isa = PBXFileReference; fileEncoding = 4; lastKnownFileType = sourcecode.c.c; path = "purple-markup.c"; sourceTree = "<group>"; };
		B13FAB56119D5155001CE037 /* purple-mime.c */ = {isa = PBXFileReference; fileEncoding = 4; lastKnownFileType = sourcecode.c.c; path = "purple-mime.c"; sourceTree = "<group>"; };
		B13FAB57119D5155001CE037 /* purple-network.c */ = {isa = PBXFileReference; fileEncoding = 4; lastKnownFileType = sourcecode.c.c; path = "purple-network.c"; sourceTree = "<group>"; };
		B13FAB58119D5155001CE037 /* purple-plugin.c */ = {isa = PBXFileReference; fileEncoding = 4; lastKnownFileType = sourcecode.c.c; path = "purple-plugin.c"; sourceTree = "<group>"; };
		B13FAB5A119D5155001CE037 /* purple-schedule.c */ = {isa = PBXFileReference; fileEncoding = 4; lastKnownFileType = sourcecode.c.c; path = "purple-schedule.c"; sourceTree = "<group>"; };
		B13FAB5B119D5155001CE037 /* purple-setting.c */ = {isa = PBXFileReference; fileEncoding = 4; lastKnownFileType = sourcecode.c.c; path = "purple-setting.c"; sourceTree = "<group>"; };
		B13FAB5C119D5155001CE037 /* purple-transport.c */ = {isa = PBXFileReference; fileEncoding = 4; lastKnownFileType = sourcecode.c.c; path = "purple-transport.c"; sourceTree = "<group>"; };
		B13FAB5D119D5155001CE037 /* tests-load.c */ = {isa = PBXFileReference; fileEncoding = 4; lastKnownFileType = sourcecode.c.c; path = "tests-load.c"; sourceTree = "<group>"; };
		B13FAB5E119D5155001CE037 /* tests.c */ = {isa = PBXFileReference; fileEncoding = 4; lastKnownFileType = sourcecode.c.c; path = tests.c; sourceTree = "<group>"; };
		B13FABA3119D585A001CE037 /* sip-csta.c */ = {isa = PBXFileReference; fileEncoding = 4; lastKnownFileType = sourcecode.c.c; path = "sip-csta.c"; sourceTree = "<group>"; };
		B13FABA5119D585A001CE037 /* sip-sec-gssapi.c */ = {isa = PBXFileReference; fileEncoding = 4; lastKnownFileType = sourcecode.c.c; path = "sip-sec-gssapi.c"; sourceTree = "<group>"; };
		B13FABA9119D585A001CE037 /* sip-sec-ntlm.c */ = {isa = PBXFileReference; fileEncoding = 4; lastKnownFileType = sourcecode.c.c; path = "sip-sec-ntlm.c"; sourceTree = "<group>"; };
		B13FABAD119D585A001CE037 /* sip-sec.c */ = {isa = PBXFileReference; fileEncoding = 4; lastKnownFileType = sourcecode.c.c; path = "sip-sec.c"; sourceTree = "<group>"; };
		B13FABAF119D585A001CE037 /* sip-transport.c */ = {isa = PBXFileReference; fileEncoding = 4; lastKnownFileType = sourcecode.c.c; path = "sip-transport.c"; sourceTree = "<group>"; };
		B13FABB1119D585A001CE037 /* sipe-buddy.c */ = {isa = PBXFileReference; fileEncoding = 4; lastKnownFileType = sourcecode.c.c; path = "sipe-buddy.c"; sourceTree = "<group>"; };
		B13FABB3119D585A001CE037 /* sipe-cal.c */ = {isa = PBXFileReference; fileEncoding = 4; lastKnownFileType = sourcecode.c.c; path = "sipe-cal.c"; sourceTree = "<group>"; };
		B13FABB5119D585A001CE037 /* sipe-chat.c */ = {isa = PBXFileReference; fileEncoding = 4; lastKnownFileType = sourcecode.c.c; path = "sipe-chat.c"; sourceTree = "<group>"; };
		B13FABB7119D585A001CE037 /* sipe-conf.c */ = {isa = PBXFileReference; fileEncoding = 4; lastKnownFileType = sourcecode.c.c; path = "sipe-conf.c"; sourceTree = "<group>"; };
		B13FABBA119D585A001CE037 /* sipe-core.c */ = {isa = PBXFileReference; fileEncoding = 4; lastKnownFileType = sourcecode.c.c; path = "sipe-core.c"; sourceTree = "<group>"; };
		B13FABBC119D585A001CE037 /* sipe-dialog.c */ = {isa = PBXFileReference; fileEncoding = 4; lastKnownFileType = sourcecode.c.c; path = "sipe-dialog.c"; sourceTree = "<group>"; };
		B13FABBF119D585A001CE037 /* sipe-domino.c */ = {isa = PBXFileReference; fileEncoding = 4; lastKnownFileType = sourcecode.c.c; path = "sipe-domino.c"; sourceTree = "<group>"; };
		B13FABC1119D585A001CE037 /* sipe-ews.c */ = {isa = PBXFileReference; fileEncoding = 4; lastKnownFileType = sourcecode.c.c; path = "sipe-ews.c"; sourceTree = "<group>"; };
		B13FABC2119D585A001CE037 /* sipe-ews-autodiscover.c */ = {isa = PBXFileReference; fileEncoding = 4; lastKnownFileType = sourcecode.c.c; path = "sipe-ews-autodiscover.c"; sourceTree = "<group>"; };
		B13FABC3119D585A001CE037 /* sipe-ft.c */ = {isa = PBXFileReference; fileEncoding = 4; lastKnownFileType = sourcecode.c.c; path = "sipe-ft.c"; sourceTree = "<group>"; };
		B13FABC8119D585A001CE037 /* sipe-schedule.c */ = {isa = PBXFileReference; fileEncoding = 4; lastKnownFileType = sourcecode.c.c; path = "sipe-schedule.c"; sourceTree = "<group>"; };
		B13FABCA119D585A001CE037 /* sipe-session.c */ = {isa = PBXFileReference; fileEncoding = 4; lastKnownFileType = sourcecode.c.c; path = "sipe-session.c"; sourceTree = "<group>"; };
		B13FABCC119D585A001CE037 /* sipe-sign.c */ = {isa = PBXFileReference; fileEncoding = 4; lastKnownFileType = sourcecode.c.c; path = "sipe-sign.c"; sourceTree = "<group>"; };
		B13FABCE119D585A001CE037 /* sipe-utils.c */ = {isa = PBXFileReference; fileEncoding = 4; lastKnownFileType = sourcecode.c.c; path = "sipe-utils.c"; sourceTree = "<group>"; };
		B13FABD3119D585A001CE037 /* sipe-xml.c */ = {isa = PBXFileReference; fileEncoding = 4; lastKnownFileType = sourcecode.c.c; path = "sipe-xml.c"; sourceTree = "<group>"; };
		B13FABD7119D585A001CE037 /* sipmsg.c */ = {isa = PBXFileReference; fileEncoding = 4; lastKnownFileType = sourcecode.c.c; path = sipmsg.c; sourceTree = "<group>"; };
		B13FABD9119D585A001CE037 /* uuid.c */ = {isa = PBXFileReference; fileEncoding = 4; lastKnownFileType = sourcecode.c.c; path = uuid.c; sourceTree = "<group>"; };
		B13FAC60119D721E001CE037 /* libxml2.dylib */ = {isa = PBXFileReference; lastKnownFileType = "compiled.mach-o.dylib"; name = libxml2.dylib; path = usr/lib/libxml2.dylib; sourceTree = SDKROOT; };
		B82FA4181847524B00AE581B /* sipe-cert-crypto-openssl.c */ = {isa = PBXFileReference; fileEncoding = 4; lastKnownFileType = sourcecode.c.c; path = "sipe-cert-crypto-openssl.c"; sourceTree = "<group>"; };
		B82FA4191847524B00AE581B /* sipe-crypt-openssl.c */ = {isa = PBXFileReference; fileEncoding = 4; lastKnownFileType = sourcecode.c.c; path = "sipe-crypt-openssl.c"; sourceTree = "<group>"; };
		B82FA41A1847524B00AE581B /* sipe-digest-openssl.c */ = {isa = PBXFileReference; fileEncoding = 4; lastKnownFileType = sourcecode.c.c; path = "sipe-digest-openssl.c"; sourceTree = "<group>"; };
		C948843B109B2F8100ABFAF7 /* ESSIPEService.h */ = {isa = PBXFileReference; fileEncoding = 4; lastKnownFileType = sourcecode.c.h; path = ESSIPEService.h; sourceTree = "<group>"; };
		C948843C109B2F8100ABFAF7 /* ESSIPEService.m */ = {isa = PBXFileReference; fileEncoding = 4; lastKnownFileType = sourcecode.c.objc; path = ESSIPEService.m; sourceTree = "<group>"; };
		C9488444109B352000ABFAF7 /* ESSIPELibpurpleServicePlugin.h */ = {isa = PBXFileReference; fileEncoding = 4; lastKnownFileType = sourcecode.c.h; path = ESSIPELibpurpleServicePlugin.h; sourceTree = "<group>"; };
		C9488445109B352000ABFAF7 /* ESSIPELibpurpleServicePlugin.m */ = {isa = PBXFileReference; fileEncoding = 4; lastKnownFileType = sourcecode.c.objc; path = ESSIPELibpurpleServicePlugin.m; sourceTree = "<group>"; };
		C99F358D109AE68400E79CB2 /* ESPurpleSIPEAccount.h */ = {isa = PBXFileReference; fileEncoding = 4; lastKnownFileType = sourcecode.c.h; path = ESPurpleSIPEAccount.h; sourceTree = "<group>"; };
		C99F358E109AE68400E79CB2 /* ESPurpleSIPEAccount.m */ = {isa = PBXFileReference; fileEncoding = 4; lastKnownFileType = sourcecode.c.objc; path = ESPurpleSIPEAccount.m; sourceTree = "<group>"; };
		C9FDAE7E109ADC54004EEEAF /* Kerberos.framework */ = {isa = PBXFileReference; lastKnownFileType = wrapper.framework; name = Kerberos.framework; path = System/Library/Frameworks/Kerberos.framework; sourceTree = SDKROOT; };
		C9FDAEF4109ADF97004EEEAF /* sipe.png */ = {isa = PBXFileReference; lastKnownFileType = image.png; name = sipe.png; path = ../../pixmaps/48/sipe.png; sourceTree = SOURCE_ROOT; };
		D2F7E65807B2D6F200F64583 /* CoreData.framework */ = {isa = PBXFileReference; lastKnownFileType = wrapper.framework; name = CoreData.framework; path = /System/Library/Frameworks/CoreData.framework; sourceTree = "<absolute>"; };
/* End PBXFileReference section */

/* Begin PBXFrameworksBuildPhase section */
		8D5B49B3048680CD000E48DA /* Frameworks */ = {
			isa = PBXFrameworksBuildPhase;
			buildActionMask = 2147483647;
			files = (
				8D5B49B4048680CD000E48DA /* Cocoa.framework in Frameworks */,
				C9FDAE7F109ADC54004EEEAF /* Kerberos.framework in Frameworks */,
				1C3F91AC12C1F531000AA829 /* libpidgin-sipe.a in Frameworks */,
			);
			runOnlyForDeploymentPostprocessing = 0;
		};
		C92A796710B24BAD009B64B9 /* Frameworks */ = {
			isa = PBXFrameworksBuildPhase;
			buildActionMask = 2147483647;
			files = (
				B13FAC61119D721E001CE037 /* libxml2.dylib in Frameworks */,
			);
			runOnlyForDeploymentPostprocessing = 0;
		};
/* End PBXFrameworksBuildPhase section */

/* Begin PBXGroup section */
		089C166AFE841209C02AAC07 /* SIPEAdiumPlugin */ = {
			isa = PBXGroup;
			children = (
				7BB8CBB3183AA600004351FF /* Adium.xcodeproj */,
				08FB77AFFE84173DC02AAC07 /* Classes */,
				C92A79B110B24C50009B64B9 /* pidgin-sipe */,
				32C88E010371C26100C91783 /* Other Sources */,
				089C167CFE841241C02AAC07 /* Resources */,
				089C1671FE841209C02AAC07 /* Frameworks and Libraries */,
				19C28FB8FE9D52D311CA2CBB /* Products */,
			);
			name = SIPEAdiumPlugin;
			sourceTree = "<group>";
		};
		089C1671FE841209C02AAC07 /* Frameworks and Libraries */ = {
			isa = PBXGroup;
			children = (
				7B1E80001665C79300E0C654 /* Other Libraries */,
				1058C7ACFEA557BF11CA2CBB /* Linked Frameworks */,
				1058C7AEFEA557BF11CA2CBB /* Other Frameworks */,
			);
			name = "Frameworks and Libraries";
			sourceTree = "<group>";
		};
		089C167CFE841241C02AAC07 /* Resources */ = {
			isa = PBXGroup;
			children = (
				7BBE1527184D4BF50000FFC9 /* DCPurpleSIPEJoinChatView.xib */,
				7B78055716DEC73400B844A6 /* ESSIPEAccountView.xib */,
				7B50EFAA16DB326100F897D1 /* PurpleDefaultsSIPE.plist */,
				C9FDAEF4109ADF97004EEEAF /* sipe.png */,
				8D5B49B7048680CD000E48DA /* Info.plist */,
				089C167DFE841241C02AAC07 /* InfoPlist.strings */,
			);
			name = Resources;
			sourceTree = "<group>";
		};
		08FB77AFFE84173DC02AAC07 /* Classes */ = {
			isa = PBXGroup;
			children = (
				7BBE151A184D4BEA0000FFC9 /* DCPurpleSIPEJoinChatViewController.h */,
				7BBE151B184D4BEA0000FFC9 /* DCPurpleSIPEJoinChatViewController.m */,
				C99F358D109AE68400E79CB2 /* ESPurpleSIPEAccount.h */,
				C99F358E109AE68400E79CB2 /* ESPurpleSIPEAccount.m */,
				C9488444109B352000ABFAF7 /* ESSIPELibpurpleServicePlugin.h */,
				C9488445109B352000ABFAF7 /* ESSIPELibpurpleServicePlugin.m */,
				C948843B109B2F8100ABFAF7 /* ESSIPEService.h */,
				C948843C109B2F8100ABFAF7 /* ESSIPEService.m */,
				1CDEE45F12C35DAD00790CAF /* ESSIPEAccountViewController.h */,
				1CDEE46012C35DAD00790CAF /* ESSIPEAccountViewController.m */,
			);
			name = Classes;
			sourceTree = "<group>";
		};
		1058C7ACFEA557BF11CA2CBB /* Linked Frameworks */ = {
			isa = PBXGroup;
			children = (
				1058C7ADFEA557BF11CA2CBB /* Cocoa.framework */,
				C9FDAE7E109ADC54004EEEAF /* Kerberos.framework */,
			);
			name = "Linked Frameworks";
			sourceTree = "<group>";
		};
		1058C7AEFEA557BF11CA2CBB /* Other Frameworks */ = {
			isa = PBXGroup;
			children = (
				089C167FFE841241C02AAC07 /* AppKit.framework */,
				D2F7E65807B2D6F200F64583 /* CoreData.framework */,
				089C1672FE841209C02AAC07 /* Foundation.framework */,
			);
			name = "Other Frameworks";
			sourceTree = "<group>";
		};
		19C28FB8FE9D52D311CA2CBB /* Products */ = {
			isa = PBXGroup;
			children = (
				8D5B49B6048680CD000E48DA /* SIPEAdiumPlugin.AdiumLibpurplePlugin */,
				1C7056D312C1E5820004E43B /* libpidgin-sipe.a */,
			);
			name = Products;
			sourceTree = "<group>";
		};
		32C88E010371C26100C91783 /* Other Sources */ = {
			isa = PBXGroup;
			children = (
				7BB8CB90183AA07B004351FF /* xcconfigs */,
				32DBCF630370AF2F00C91783 /* SIPEAdiumPlugin_Prefix.pch */,
			);
			name = "Other Sources";
			sourceTree = "<group>";
		};
		7B1E80001665C79300E0C654 /* Other Libraries */ = {
			isa = PBXGroup;
			children = (
				B13FAC60119D721E001CE037 /* libxml2.dylib */,
			);
			name = "Other Libraries";
			sourceTree = "<group>";
		};
		7BB8CB90183AA07B004351FF /* xcconfigs */ = {
			isa = PBXGroup;
			children = (
				7BB8CB91183AA0BD004351FF /* Base.xcconfig */,
				7BB8CB92183AA0BD004351FF /* Debug-Release.xcconfig */,
				7BB8CB93183AA0BD004351FF /* Debug.xcconfig */,
				7BB8CB94183AA0BD004351FF /* libpidgin-sipe.xcconfig */,
				7BB8CB96183AA0BD004351FF /* Release.xcconfig */,
				7BB8CB97183AA0BD004351FF /* SIPEAdiumPlugin.xcconfig */,
			);
			path = xcconfigs;
			sourceTree = "<group>";
		};
		7BB8CBB4183AA600004351FF /* Products */ = {
			isa = PBXGroup;
			children = (
				7BB8CBC2183AA605004351FF /* Adium.app */,
				7BB8CBC4183AA605004351FF /* Adium.framework */,
				7BB8CBC6183AA605004351FF /* AdiumLibpurple.framework */,
				7BB8CBC8183AA605004351FF /* AIUtilities.framework */,
				7BB8CBCA183AA605004351FF /* AdiumApplescriptRunner */,
				7BB8CBCC183AA605004351FF /* Unit tests.octest */,
				7BB8CBCE183AA605004351FF /* AdiumSpotlightImporter.mdimporter */,
			);
			name = Products;
			sourceTree = "<group>";
		};
		B13FAB4D119D5155001CE037 /* purple */ = {
			isa = PBXGroup;
			children = (
				1CE4A01C14A180E100663393 /* purple-search.c */,
				1CE4A01D14A180E100663393 /* purple-status.c */,
				1CF260F112C2DFA00045B6CC /* purple-buddy.c */,
				1CF260F212C2DFA00045B6CC /* purple-chat.c */,
				1CF260F312C2DFA00045B6CC /* purple-ft.c */,
				1CF260F412C2DFA00045B6CC /* purple-groupchat.c */,
				1CF260F512C2DFA00045B6CC /* purple-im.c */,
				1CF260F712C2DFA00045B6CC /* purple-notify.c */,
				1CF260F812C2DFA00045B6CC /* purple-user.c */,
				B13FAB4F119D5155001CE037 /* purple-connection.c */,
				B13FAB51119D5155001CE037 /* purple-debug.c */,
				B13FAB53119D5155001CE037 /* purple-dnsquery.c */,
				B13FAB54119D5155001CE037 /* purple-markup.c */,
				B13FAB56119D5155001CE037 /* purple-mime.c */,
				B13FAB57119D5155001CE037 /* purple-network.c */,
				B13FAB58119D5155001CE037 /* purple-plugin.c */,
				B13FAB5A119D5155001CE037 /* purple-schedule.c */,
				B13FAB5B119D5155001CE037 /* purple-setting.c */,
				B13FAB5C119D5155001CE037 /* purple-transport.c */,
				B13FAB5D119D5155001CE037 /* tests-load.c */,
				B13FAB5E119D5155001CE037 /* tests.c */,
			);
			name = purple;
			path = ../purple;
			sourceTree = SOURCE_ROOT;
		};
		B13FAB9C119D585A001CE037 /* core */ = {
			isa = PBXGroup;
			children = (
				B82FA4181847524B00AE581B /* sipe-cert-crypto-openssl.c */,
				B82FA4191847524B00AE581B /* sipe-crypt-openssl.c */,
				B82FA41A1847524B00AE581B /* sipe-digest-openssl.c */,
				7B379591176A2DDF001A02FD /* sipe-http-request.c */,
				7B379592176A2DDF001A02FD /* sipe-http-transport.c */,
				7B379593176A2DDF001A02FD /* sipe-http.c */,
				1C1DC3CF14A8005A001F6A0F /* md4.c */,
				B13FABAD119D585A001CE037 /* sip-sec.c */,
				B13FABA9119D585A001CE037 /* sip-sec-ntlm.c */,
				1CE49FFE14A17FD100663393 /* sip-sec-ntlm-tests.c */,
				B13FABA5119D585A001CE037 /* sip-sec-gssapi.c */,
				1CE4A00114A17FD100663393 /* sip-sec-digest.c */,
				1CE4A00014A17FD100663393 /* sip-sec-tls-dsk.c */,
				7B78059916DFF8D200B844A6 /* sip-sec-negotiate.c */,
				7B78059D16DFF8D200B844A6 /* sip-sec-basic.c */,
				1CE4A00214A17FD100663393 /* sipe-certificate.c */,
				1CE4A00414A17FD100663393 /* sipe-tls-tester.c */,
				1CE4A00514A17FD100663393 /* sipe-tls.c */,
				1CE49FF014A17F4D00663393 /* sip-soap.c */,
				1CE49FF114A17F4D00663393 /* sipe-notify.c */,
				1CE49FF214A17F4D00663393 /* sipe-webticket.c */,
				1CE49FE914A17EF000663393 /* sipe-status.c */,
				1CE49FB114A17CF000663393 /* sipe-svc.c */,
				1CE49FB214A17CF000663393 /* sipe-ocs2007.c */,
				1CE49FB314A17CF000663393 /* sipe-ocs2005.c */,
				1CD71E3A13C538340079DE64 /* sipe-group.c */,
				1CD71E3313C5380B0079DE64 /* sipe-ft-tftp.c */,
				1C822BEB12F8E87500CC4AEA /* sipe-im.c */,
				1CF2610812C2E1AA0045B6CC /* sdpmsg.c */,
				1CF2610C12C2E1AA0045B6CC /* sipe-groupchat.c */,
				1CF2610D12C2E1AA0045B6CC /* sipe-incoming.c */,
				1CF2610F12C2E1AA0045B6CC /* sipe-ucs.c */,
				1CF2611012C2E1AA0045B6CC /* sipe-subscriptions.c */,
				1CF2611112C2E1AA0045B6CC /* sipe-user.c */,
				B13FABA3119D585A001CE037 /* sip-csta.c */,
				B13FABAF119D585A001CE037 /* sip-transport.c */,
				B13FABB1119D585A001CE037 /* sipe-buddy.c */,
				B13FABB3119D585A001CE037 /* sipe-cal.c */,
				B13FABB5119D585A001CE037 /* sipe-chat.c */,
				B13FABB7119D585A001CE037 /* sipe-conf.c */,
				B13FABBA119D585A001CE037 /* sipe-core.c */,
				B13FABBC119D585A001CE037 /* sipe-dialog.c */,
				B13FABBF119D585A001CE037 /* sipe-domino.c */,
				B13FABC1119D585A001CE037 /* sipe-ews.c */,
				B13FABC2119D585A001CE037 /* sipe-ews-autodiscover.c */,
				B13FABC3119D585A001CE037 /* sipe-ft.c */,
				B13FABC8119D585A001CE037 /* sipe-schedule.c */,
				B13FABCA119D585A001CE037 /* sipe-session.c */,
				B13FABCC119D585A001CE037 /* sipe-sign.c */,
				B13FABCE119D585A001CE037 /* sipe-utils.c */,
				B13FABD3119D585A001CE037 /* sipe-xml.c */,
				B13FABD7119D585A001CE037 /* sipmsg.c */,
				B13FABD9119D585A001CE037 /* uuid.c */,
			);
			name = core;
			path = ../core;
			sourceTree = SOURCE_ROOT;
		};
		C92A79B110B24C50009B64B9 /* pidgin-sipe */ = {
			isa = PBXGroup;
			children = (
				B13FAB9C119D585A001CE037 /* core */,
				B13FAB4D119D5155001CE037 /* purple */,
			);
			name = "pidgin-sipe";
			sourceTree = "<group>";
		};
/* End PBXGroup section */

/* Begin PBXHeadersBuildPhase section */
		7B1E80021665E5DA00E0C654 /* Headers */ = {
			isa = PBXHeadersBuildPhase;
			buildActionMask = 2147483647;
			files = (
				7BBE151C184D4BEA0000FFC9 /* DCPurpleSIPEJoinChatViewController.h in Headers */,
			);
			runOnlyForDeploymentPostprocessing = 0;
		};
		C92A796510B24BAD009B64B9 /* Headers */ = {
			isa = PBXHeadersBuildPhase;
			buildActionMask = 2147483647;
			files = (
			);
			runOnlyForDeploymentPostprocessing = 0;
		};
/* End PBXHeadersBuildPhase section */

/* Begin PBXNativeTarget section */
		8D5B49AC048680CD000E48DA /* SIPEAdiumPlugin */ = {
			isa = PBXNativeTarget;
			buildConfigurationList = 1DEB913A08733D840010E9CD /* Build configuration list for PBXNativeTarget "SIPEAdiumPlugin" */;
			buildPhases = (
				7B1E80021665E5DA00E0C654 /* Headers */,
				8D5B49AF048680CD000E48DA /* Resources */,
				8D5B49B1048680CD000E48DA /* Sources */,
				8D5B49B3048680CD000E48DA /* Frameworks */,
				7B5DD2EA16DB1DFD00B3D188 /* CopyFiles */,
			);
			buildRules = (
			);
			dependencies = (
				7BB8CC2B183AC198004351FF /* PBXTargetDependency */,
				C92A79F210B25023009B64B9 /* PBXTargetDependency */,
			);
			name = SIPEAdiumPlugin;
			productInstallPath = "$(HOME)/Library/Bundles";
			productName = SIPEAdiumPlugin;
			productReference = 8D5B49B6048680CD000E48DA /* SIPEAdiumPlugin.AdiumLibpurplePlugin */;
			productType = "com.apple.product-type.bundle";
		};
		C92A796810B24BAD009B64B9 /* pidgin-sipe */ = {
			isa = PBXNativeTarget;
			buildConfigurationList = C92A796C10B24BCD009B64B9 /* Build configuration list for PBXNativeTarget "pidgin-sipe" */;
			buildPhases = (
				C92A796510B24BAD009B64B9 /* Headers */,
				C92A796610B24BAD009B64B9 /* Sources */,
				C92A796710B24BAD009B64B9 /* Frameworks */,
			);
			buildRules = (
			);
			dependencies = (
			);
			name = "pidgin-sipe";
			productName = "pidgin-sipe";
			productReference = 1C7056D312C1E5820004E43B /* libpidgin-sipe.a */;
			productType = "com.apple.product-type.library.static";
		};
/* End PBXNativeTarget section */

/* Begin PBXProject section */
		089C1669FE841209C02AAC07 /* Project object */ = {
			isa = PBXProject;
			attributes = {
				LastUpgradeCheck = 0610;
			};
			buildConfigurationList = 1DEB913E08733D840010E9CD /* Build configuration list for PBXProject "SIPEAdiumPlugin" */;
			compatibilityVersion = "Xcode 3.2";
			developmentRegion = English;
			hasScannedForEncodings = 1;
			knownRegions = (
				English,
				Japanese,
				French,
				German,
			);
			mainGroup = 089C166AFE841209C02AAC07 /* SIPEAdiumPlugin */;
			projectDirPath = "";
			projectReferences = (
				{
					ProductGroup = 7BB8CBB4183AA600004351FF /* Products */;
					ProjectRef = 7BB8CBB3183AA600004351FF /* Adium.xcodeproj */;
				},
			);
			projectRoot = "";
			targets = (
				8D5B49AC048680CD000E48DA /* SIPEAdiumPlugin */,
				C92A796810B24BAD009B64B9 /* pidgin-sipe */,
			);
		};
/* End PBXProject section */

/* Begin PBXReferenceProxy section */
		7BB8CBC2183AA605004351FF /* Adium.app */ = {
			isa = PBXReferenceProxy;
			fileType = wrapper.application;
			path = Adium.app;
			remoteRef = 7BB8CBC1183AA605004351FF /* PBXContainerItemProxy */;
			sourceTree = BUILT_PRODUCTS_DIR;
		};
		7BB8CBC4183AA605004351FF /* Adium.framework */ = {
			isa = PBXReferenceProxy;
			fileType = wrapper.framework;
			path = Adium.framework;
			remoteRef = 7BB8CBC3183AA605004351FF /* PBXContainerItemProxy */;
			sourceTree = BUILT_PRODUCTS_DIR;
		};
		7BB8CBC6183AA605004351FF /* AdiumLibpurple.framework */ = {
			isa = PBXReferenceProxy;
			fileType = wrapper.framework;
			path = AdiumLibpurple.framework;
			remoteRef = 7BB8CBC5183AA605004351FF /* PBXContainerItemProxy */;
			sourceTree = BUILT_PRODUCTS_DIR;
		};
		7BB8CBC8183AA605004351FF /* AIUtilities.framework */ = {
			isa = PBXReferenceProxy;
			fileType = wrapper.framework;
			path = AIUtilities.framework;
			remoteRef = 7BB8CBC7183AA605004351FF /* PBXContainerItemProxy */;
			sourceTree = BUILT_PRODUCTS_DIR;
		};
		7BB8CBCA183AA605004351FF /* AdiumApplescriptRunner */ = {
			isa = PBXReferenceProxy;
			fileType = "compiled.mach-o.executable";
			path = AdiumApplescriptRunner;
			remoteRef = 7BB8CBC9183AA605004351FF /* PBXContainerItemProxy */;
			sourceTree = BUILT_PRODUCTS_DIR;
		};
		7BB8CBCC183AA605004351FF /* Unit tests.octest */ = {
			isa = PBXReferenceProxy;
			fileType = wrapper.cfbundle;
			path = "Unit tests.octest";
			remoteRef = 7BB8CBCB183AA605004351FF /* PBXContainerItemProxy */;
			sourceTree = BUILT_PRODUCTS_DIR;
		};
		7BB8CBCE183AA605004351FF /* AdiumSpotlightImporter.mdimporter */ = {
			isa = PBXReferenceProxy;
			fileType = wrapper.cfbundle;
			path = AdiumSpotlightImporter.mdimporter;
			remoteRef = 7BB8CBCD183AA605004351FF /* PBXContainerItemProxy */;
			sourceTree = BUILT_PRODUCTS_DIR;
		};
/* End PBXReferenceProxy section */

/* Begin PBXResourcesBuildPhase section */
		8D5B49AF048680CD000E48DA /* Resources */ = {
			isa = PBXResourcesBuildPhase;
			buildActionMask = 2147483647;
			files = (
				8D5B49B0048680CD000E48DA /* InfoPlist.strings in Resources */,
				C9FDAEF6109ADF97004EEEAF /* sipe.png in Resources */,
				7B50EFAB16DB326100F897D1 /* PurpleDefaultsSIPE.plist in Resources */,
				7BBE1529184D4BF50000FFC9 /* DCPurpleSIPEJoinChatView.xib in Resources */,
				7B78055816DEC73400B844A6 /* ESSIPEAccountView.xib in Resources */,
			);
			runOnlyForDeploymentPostprocessing = 0;
		};
/* End PBXResourcesBuildPhase section */

/* Begin PBXSourcesBuildPhase section */
		8D5B49B1048680CD000E48DA /* Sources */ = {
			isa = PBXSourcesBuildPhase;
			buildActionMask = 2147483647;
			files = (
				1CF2612C12C2E73F0045B6CC /* ESPurpleSIPEAccount.m in Sources */,
				1CF2612D12C2E7420045B6CC /* ESSIPEService.m in Sources */,
				1CF2612E12C2E7430045B6CC /* ESSIPELibpurpleServicePlugin.m in Sources */,
				7BBE151D184D4BEA0000FFC9 /* DCPurpleSIPEJoinChatViewController.m in Sources */,
				1CDEE46112C35DAD00790CAF /* ESSIPEAccountViewController.m in Sources */,
			);
			runOnlyForDeploymentPostprocessing = 0;
		};
		C92A796610B24BAD009B64B9 /* Sources */ = {
			isa = PBXSourcesBuildPhase;
			buildActionMask = 2147483647;
			files = (
				5AAF284A184E4172007481FA /* sipe-cert-crypto-openssl.c in Sources */,
				5AAF284B184E4172007481FA /* sipe-crypt-openssl.c in Sources */,
				5AAF284C184E4172007481FA /* sipe-digest-openssl.c in Sources */,
				5AAF284D184E4172007481FA /* sipe-http-request.c in Sources */,
				5AAF284E184E4172007481FA /* sipe-http-transport.c in Sources */,
				5AAF284F184E4172007481FA /* sipe-http.c in Sources */,
				5AAF2850184E4172007481FA /* sip-sec-negotiate.c in Sources */,
				5AAF2851184E4172007481FA /* sip-sec-basic.c in Sources */,
				B13FAB5F119D5155001CE037 /* purple-connection.c in Sources */,
				B13FAB61119D5155001CE037 /* purple-debug.c in Sources */,
				B13FAB63119D5155001CE037 /* purple-dnsquery.c in Sources */,
				B13FAB64119D5155001CE037 /* purple-markup.c in Sources */,
				B13FAB66119D5155001CE037 /* purple-mime.c in Sources */,
				B13FAB67119D5155001CE037 /* purple-network.c in Sources */,
				B13FAB68119D5155001CE037 /* purple-plugin.c in Sources */,
				B13FAB6A119D5155001CE037 /* purple-schedule.c in Sources */,
				B13FAB6B119D5155001CE037 /* purple-setting.c in Sources */,
				B13FAB6C119D5155001CE037 /* purple-transport.c in Sources */,
				B13FAB6D119D5155001CE037 /* tests-load.c in Sources */,
				B13FAB6E119D5155001CE037 /* tests.c in Sources */,
				B13FABDF119D585A001CE037 /* sip-csta.c in Sources */,
				B13FABE1119D585A001CE037 /* sip-sec-gssapi.c in Sources */,
				B13FABE5119D585A001CE037 /* sip-sec-ntlm.c in Sources */,
				B13FABE9119D585A001CE037 /* sip-sec.c in Sources */,
				B13FABEB119D585A001CE037 /* sip-transport.c in Sources */,
				B13FABED119D585A001CE037 /* sipe-buddy.c in Sources */,
				B13FABEF119D585A001CE037 /* sipe-cal.c in Sources */,
				B13FABF1119D585A001CE037 /* sipe-chat.c in Sources */,
				B13FABF3119D585A001CE037 /* sipe-conf.c in Sources */,
				B13FABF6119D585A001CE037 /* sipe-core.c in Sources */,
				B13FABF8119D585A001CE037 /* sipe-dialog.c in Sources */,
				B13FABFB119D585A001CE037 /* sipe-domino.c in Sources */,
				B13FABFD119D585A001CE037 /* sipe-ews.c in Sources */,
				B13FABFE119D585A001CE037 /* sipe-ews-autodiscover.c in Sources */,
				B13FABFF119D585A001CE037 /* sipe-ft.c in Sources */,
				B13FAC04119D585A001CE037 /* sipe-schedule.c in Sources */,
				B13FAC06119D585A001CE037 /* sipe-session.c in Sources */,
				B13FAC08119D585A001CE037 /* sipe-sign.c in Sources */,
				B13FAC0A119D585A001CE037 /* sipe-utils.c in Sources */,
				B13FAC0F119D585A001CE037 /* sipe-xml.c in Sources */,
				B13FAC13119D585A001CE037 /* sipmsg.c in Sources */,
				B13FAC15119D585A001CE037 /* uuid.c in Sources */,
				1CF260F912C2DFA00045B6CC /* purple-buddy.c in Sources */,
				1CF260FA12C2DFA00045B6CC /* purple-chat.c in Sources */,
				1CF260FB12C2DFA00045B6CC /* purple-ft.c in Sources */,
				1CF260FC12C2DFA00045B6CC /* purple-groupchat.c in Sources */,
				1CF260FD12C2DFA00045B6CC /* purple-im.c in Sources */,
				1CF260FF12C2DFA00045B6CC /* purple-notify.c in Sources */,
				1CF2610012C2DFA00045B6CC /* purple-user.c in Sources */,
				1CF2611412C2E1AA0045B6CC /* sdpmsg.c in Sources */,
				1CF2611812C2E1AA0045B6CC /* sipe-groupchat.c in Sources */,
				1CF2611912C2E1AA0045B6CC /* sipe-incoming.c in Sources */,
				1CF2611B12C2E1AA0045B6CC /* sipe-ucs.c in Sources */,
				1CF2611C12C2E1AA0045B6CC /* sipe-subscriptions.c in Sources */,
				1CF2611D12C2E1AA0045B6CC /* sipe-user.c in Sources */,
				1C822BED12F8E87500CC4AEA /* sipe-im.c in Sources */,
				1CD71E3413C5380B0079DE64 /* sipe-ft-tftp.c in Sources */,
				1CD71E3B13C538340079DE64 /* sipe-group.c in Sources */,
				1CE49FB914A17CF000663393 /* sipe-svc.c in Sources */,
				1CE49FBA14A17CF000663393 /* sipe-ocs2007.c in Sources */,
				1CE49FBB14A17CF000663393 /* sipe-ocs2005.c in Sources */,
				1CE49FEA14A17EF000663393 /* sipe-status.c in Sources */,
				1CE49FF314A17F4D00663393 /* sip-soap.c in Sources */,
				1CE49FF414A17F4D00663393 /* sipe-notify.c in Sources */,
				1CE49FF514A17F4D00663393 /* sipe-webticket.c in Sources */,
				1CE4A00614A17FD100663393 /* sip-sec-ntlm-tests.c in Sources */,
				1CE4A00714A17FD100663393 /* sip-sec-digest.c in Sources */,
				1CE4A00814A17FD100663393 /* sip-sec-tls-dsk.c in Sources */,
				1CE4A00A14A17FD100663393 /* sipe-certificate.c in Sources */,
				1CE4A00C14A17FD100663393 /* sipe-tls-tester.c in Sources */,
				1CE4A00D14A17FD100663393 /* sipe-tls.c in Sources */,
				1CE4A01E14A180E100663393 /* purple-search.c in Sources */,
				1CE4A01F14A180E100663393 /* purple-status.c in Sources */,
				1C1DC3D014A8005A001F6A0F /* md4.c in Sources */,
			);
			runOnlyForDeploymentPostprocessing = 0;
		};
/* End PBXSourcesBuildPhase section */

/* Begin PBXTargetDependency section */
		7BB8CC2B183AC198004351FF /* PBXTargetDependency */ = {
			isa = PBXTargetDependency;
			name = Adium;
			targetProxy = 7BB8CC2A183AC198004351FF /* PBXContainerItemProxy */;
		};
		C92A79F210B25023009B64B9 /* PBXTargetDependency */ = {
			isa = PBXTargetDependency;
			target = C92A796810B24BAD009B64B9 /* pidgin-sipe */;
			targetProxy = C92A79F110B25023009B64B9 /* PBXContainerItemProxy */;
		};
/* End PBXTargetDependency section */

/* Begin PBXVariantGroup section */
		089C167DFE841241C02AAC07 /* InfoPlist.strings */ = {
			isa = PBXVariantGroup;
			children = (
				089C167EFE841241C02AAC07 /* English */,
			);
			name = InfoPlist.strings;
			sourceTree = SOURCE_ROOT;
		};
		7BBE1527184D4BF50000FFC9 /* DCPurpleSIPEJoinChatView.xib */ = {
			isa = PBXVariantGroup;
			children = (
				7BBE1528184D4BF50000FFC9 /* English */,
			);
			name = DCPurpleSIPEJoinChatView.xib;
			sourceTree = "<group>";
		};
/* End PBXVariantGroup section */

/* Begin XCBuildConfiguration section */
		1DEB913B08733D840010E9CD /* Debug */ = {
			isa = XCBuildConfiguration;
			baseConfigurationReference = 7BB8CB97183AA0BD004351FF /* SIPEAdiumPlugin.xcconfig */;
			buildSettings = {
				COMBINE_HIDPI_IMAGES = YES;
			};
			name = Debug;
		};
		1DEB913C08733D840010E9CD /* Release */ = {
			isa = XCBuildConfiguration;
			baseConfigurationReference = 7BB8CB97183AA0BD004351FF /* SIPEAdiumPlugin.xcconfig */;
			buildSettings = {
				COMBINE_HIDPI_IMAGES = YES;
			};
			name = Release;
		};
		1DEB913F08733D840010E9CD /* Debug */ = {
			isa = XCBuildConfiguration;
			baseConfigurationReference = 7BB8CB93183AA0BD004351FF /* Debug.xcconfig */;
			buildSettings = {
				ONLY_ACTIVE_ARCH = YES;
			};
			name = Debug;
		};
		1DEB914008733D840010E9CD /* Release */ = {
			isa = XCBuildConfiguration;
			baseConfigurationReference = 7BB8CB96183AA0BD004351FF /* Release.xcconfig */;
			buildSettings = {
			};
			name = Release;
		};
		7BB8CBFE183AB83D004351FF /* Debug-Release */ = {
			isa = XCBuildConfiguration;
			baseConfigurationReference = 7BB8CB92183AA0BD004351FF /* Debug-Release.xcconfig */;
			buildSettings = {
			};
			name = "Debug-Release";
		};
		7BB8CBFF183AB83D004351FF /* Debug-Release */ = {
			isa = XCBuildConfiguration;
			baseConfigurationReference = 7BB8CB97183AA0BD004351FF /* SIPEAdiumPlugin.xcconfig */;
			buildSettings = {
				COMBINE_HIDPI_IMAGES = YES;
			};
			name = "Debug-Release";
		};
		7BB8CC00183AB83D004351FF /* Debug-Release */ = {
			isa = XCBuildConfiguration;
			baseConfigurationReference = 7BB8CB94183AA0BD004351FF /* libpidgin-sipe.xcconfig */;
			buildSettings = {
				COMBINE_HIDPI_IMAGES = YES;
			};
			name = "Debug-Release";
		};
		C92A796A10B24BAD009B64B9 /* Debug */ = {
			isa = XCBuildConfiguration;
			baseConfigurationReference = 7BB8CB94183AA0BD004351FF /* libpidgin-sipe.xcconfig */;
			buildSettings = {
				COMBINE_HIDPI_IMAGES = YES;
			};
			name = Debug;
		};
		C92A796B10B24BAD009B64B9 /* Release */ = {
			isa = XCBuildConfiguration;
			baseConfigurationReference = 7BB8CB94183AA0BD004351FF /* libpidgin-sipe.xcconfig */;
			buildSettings = {
				COMBINE_HIDPI_IMAGES = YES;
			};
			name = Release;
		};
/* End XCBuildConfiguration section */

/* Begin XCConfigurationList section */
		1DEB913A08733D840010E9CD /* Build configuration list for PBXNativeTarget "SIPEAdiumPlugin" */ = {
			isa = XCConfigurationList;
			buildConfigurations = (
				1DEB913B08733D840010E9CD /* Debug */,
				1DEB913C08733D840010E9CD /* Release */,
				7BB8CBFF183AB83D004351FF /* Debug-Release */,
			);
			defaultConfigurationIsVisible = 0;
			defaultConfigurationName = Release;
		};
		1DEB913E08733D840010E9CD /* Build configuration list for PBXProject "SIPEAdiumPlugin" */ = {
			isa = XCConfigurationList;
			buildConfigurations = (
				1DEB913F08733D840010E9CD /* Debug */,
				1DEB914008733D840010E9CD /* Release */,
				7BB8CBFE183AB83D004351FF /* Debug-Release */,
			);
			defaultConfigurationIsVisible = 0;
			defaultConfigurationName = Release;
		};
		C92A796C10B24BCD009B64B9 /* Build configuration list for PBXNativeTarget "pidgin-sipe" */ = {
			isa = XCConfigurationList;
			buildConfigurations = (
				C92A796A10B24BAD009B64B9 /* Debug */,
				C92A796B10B24BAD009B64B9 /* Release */,
				7BB8CC00183AB83D004351FF /* Debug-Release */,
			);
			defaultConfigurationIsVisible = 0;
			defaultConfigurationName = Release;
		};
/* End XCConfigurationList section */
	};
	rootObject = 089C1669FE841209C02AAC07 /* Project object */;
}
